// !$*UTF8*$!
{
	archiveVersion = 1;
	classes = {
	};
	objectVersion = 46;
	objects = {

/* Begin PBXBuildFile section */
		2B45D3B5145B7B5700960E3B /* QuartzCore.framework in Frameworks */ = {isa = PBXBuildFile; fileRef = 2B45D3B4145B7B5700960E3B /* QuartzCore.framework */; };
		2B45D3B7145B7B5700960E3B /* OpenGLES.framework in Frameworks */ = {isa = PBXBuildFile; fileRef = 2B45D3B6145B7B5700960E3B /* OpenGLES.framework */; };
		2B45D3B9145B7B5700960E3B /* OpenAL.framework in Frameworks */ = {isa = PBXBuildFile; fileRef = 2B45D3B8145B7B5700960E3B /* OpenAL.framework */; };
		2B45D3BB145B7B5700960E3B /* AudioToolbox.framework in Frameworks */ = {isa = PBXBuildFile; fileRef = 2B45D3BA145B7B5700960E3B /* AudioToolbox.framework */; };
		2B45D3BD145B7B5700960E3B /* AVFoundation.framework in Frameworks */ = {isa = PBXBuildFile; fileRef = 2B45D3BC145B7B5700960E3B /* AVFoundation.framework */; };
		2B45D3BF145B7B5700960E3B /* UIKit.framework in Frameworks */ = {isa = PBXBuildFile; fileRef = 2B45D3BE145B7B5700960E3B /* UIKit.framework */; };
		2B45D3C1145B7B5700960E3B /* Foundation.framework in Frameworks */ = {isa = PBXBuildFile; fileRef = 2B45D3C0145B7B5700960E3B /* Foundation.framework */; };
		2B45D3C3145B7B5700960E3B /* CoreGraphics.framework in Frameworks */ = {isa = PBXBuildFile; fileRef = 2B45D3C2145B7B5700960E3B /* CoreGraphics.framework */; };
		2B45D3C7145B7B5700960E3B /* Default.png in Resources */ = {isa = PBXBuildFile; fileRef = 2B45D3C6145B7B5700960E3B /* Default.png */; };
		2B45D3C9145B7B5700960E3B /* fps_images.png in Resources */ = {isa = PBXBuildFile; fileRef = 2B45D3C8145B7B5700960E3B /* fps_images.png */; };
		2B45D3CB145B7B5700960E3B /* Icon-72.png in Resources */ = {isa = PBXBuildFile; fileRef = 2B45D3CA145B7B5700960E3B /* Icon-72.png */; };
		2B45D3CD145B7B5700960E3B /* Icon-Small-50.png in Resources */ = {isa = PBXBuildFile; fileRef = 2B45D3CC145B7B5700960E3B /* Icon-Small-50.png */; };
		2B45D3CF145B7B5700960E3B /* Icon-Small.png in Resources */ = {isa = PBXBuildFile; fileRef = 2B45D3CE145B7B5700960E3B /* Icon-Small.png */; };
		2B45D3D1145B7B5700960E3B /* Icon-Small@2x.png in Resources */ = {isa = PBXBuildFile; fileRef = 2B45D3D0145B7B5700960E3B /* Icon-Small@2x.png */; };
		2B45D3D3145B7B5700960E3B /* Icon.png in Resources */ = {isa = PBXBuildFile; fileRef = 2B45D3D2145B7B5700960E3B /* Icon.png */; };
		2B45D3D5145B7B5700960E3B /* Icon@2x.png in Resources */ = {isa = PBXBuildFile; fileRef = 2B45D3D4145B7B5700960E3B /* Icon@2x.png */; };
		2B45D3D8145B7B5700960E3B /* iTunesArtwork in Resources */ = {isa = PBXBuildFile; fileRef = 2B45D3D7145B7B5700960E3B /* iTunesArtwork */; };
		2B45D515145B7B5900960E3B /* main.m in Sources */ = {isa = PBXBuildFile; fileRef = 2B45D514145B7B5900960E3B /* main.m */; };
		2B45D518145B7B5900960E3B /* AppDelegate.m in Sources */ = {isa = PBXBuildFile; fileRef = 2B45D517145B7B5900960E3B /* AppDelegate.m */; };
		2B45D51B145B7B5900960E3B /* RootViewController.m in Sources */ = {isa = PBXBuildFile; fileRef = 2B45D51A145B7B5900960E3B /* RootViewController.m */; };
		2B45D51E145B7B5900960E3B /* HelloWorldLayer.m in Sources */ = {isa = PBXBuildFile; fileRef = 2B45D51D145B7B5900960E3B /* HelloWorldLayer.m */; };
		2B45D52F145B7C7200960E3B /* default_background_portrait.png in Resources */ = {isa = PBXBuildFile; fileRef = 2B45D52E145B7C7200960E3B /* default_background_portrait.png */; };
		2B45D533145B85BE00960E3B /* options_button.png in Resources */ = {isa = PBXBuildFile; fileRef = 2B45D532145B85BD00960E3B /* options_button.png */; };
		2B9323E314606B72003883EE /* button_pause.png in Resources */ = {isa = PBXBuildFile; fileRef = 2B9323E214606B72003883EE /* button_pause.png */; };
		2B9323E614607108003883EE /* SurveyState.m in Sources */ = {isa = PBXBuildFile; fileRef = 2B9323E514607108003883EE /* SurveyState.m */; };
		2B9323E814607434003883EE /* instructions_blank-01.png in Resources */ = {isa = PBXBuildFile; fileRef = 2B9323E714607434003883EE /* instructions_blank-01.png */; };
		2B9323EE1460A346003883EE /* myXMLfile.xml in Resources */ = {isa = PBXBuildFile; fileRef = 2B9323ED1460A346003883EE /* myXMLfile.xml */; };
		2B9324051461E89D003883EE /* _coordinates.rtf in Resources */ = {isa = PBXBuildFile; fileRef = 2B9324001461E89C003883EE /* _coordinates.rtf */; };
		2B9324061461E89D003883EE /* answer_button.png in Resources */ = {isa = PBXBuildFile; fileRef = 2B9324011461E89C003883EE /* answer_button.png */; };
		2B9324071461E89D003883EE /* feedback_popup.png in Resources */ = {isa = PBXBuildFile; fileRef = 2B9324021461E89C003883EE /* feedback_popup.png */; };
		2B9324081461E89D003883EE /* nothanks_button.png in Resources */ = {isa = PBXBuildFile; fileRef = 2B9324031461E89D003883EE /* nothanks_button.png */; };
		2B9324091461E89D003883EE /* opaque_background.png in Resources */ = {isa = PBXBuildFile; fileRef = 2B9324041461E89D003883EE /* opaque_background.png */; };
		2B96E65214643F2400F5D14A /* CCAction.m in Sources */ = {isa = PBXBuildFile; fileRef = 2B96E54E14643F2300F5D14A /* CCAction.m */; };
		2B96E65314643F2400F5D14A /* CCActionCamera.m in Sources */ = {isa = PBXBuildFile; fileRef = 2B96E55014643F2300F5D14A /* CCActionCamera.m */; };
		2B96E65414643F2400F5D14A /* CCActionEase.m in Sources */ = {isa = PBXBuildFile; fileRef = 2B96E55214643F2300F5D14A /* CCActionEase.m */; };
		2B96E65514643F2400F5D14A /* CCActionGrid.m in Sources */ = {isa = PBXBuildFile; fileRef = 2B96E55414643F2300F5D14A /* CCActionGrid.m */; };
		2B96E65614643F2400F5D14A /* CCActionGrid3D.m in Sources */ = {isa = PBXBuildFile; fileRef = 2B96E55614643F2300F5D14A /* CCActionGrid3D.m */; };
		2B96E65714643F2400F5D14A /* CCActionInstant.m in Sources */ = {isa = PBXBuildFile; fileRef = 2B96E55814643F2300F5D14A /* CCActionInstant.m */; };
		2B96E65814643F2400F5D14A /* CCActionInterval.m in Sources */ = {isa = PBXBuildFile; fileRef = 2B96E55A14643F2300F5D14A /* CCActionInterval.m */; };
		2B96E65914643F2400F5D14A /* CCActionManager.m in Sources */ = {isa = PBXBuildFile; fileRef = 2B96E55C14643F2300F5D14A /* CCActionManager.m */; };
		2B96E65A14643F2400F5D14A /* CCActionPageTurn3D.m in Sources */ = {isa = PBXBuildFile; fileRef = 2B96E55E14643F2300F5D14A /* CCActionPageTurn3D.m */; };
		2B96E65B14643F2400F5D14A /* CCActionProgressTimer.m in Sources */ = {isa = PBXBuildFile; fileRef = 2B96E56014643F2300F5D14A /* CCActionProgressTimer.m */; };
		2B96E65C14643F2400F5D14A /* CCActionTiledGrid.m in Sources */ = {isa = PBXBuildFile; fileRef = 2B96E56214643F2300F5D14A /* CCActionTiledGrid.m */; };
		2B96E65D14643F2400F5D14A /* CCActionTween.m in Sources */ = {isa = PBXBuildFile; fileRef = 2B96E56414643F2300F5D14A /* CCActionTween.m */; };
		2B96E65E14643F2400F5D14A /* CCAnimation.m in Sources */ = {isa = PBXBuildFile; fileRef = 2B96E56614643F2300F5D14A /* CCAnimation.m */; };
		2B96E65F14643F2400F5D14A /* CCAnimationCache.m in Sources */ = {isa = PBXBuildFile; fileRef = 2B96E56814643F2300F5D14A /* CCAnimationCache.m */; };
		2B96E66014643F2400F5D14A /* CCAtlasNode.m in Sources */ = {isa = PBXBuildFile; fileRef = 2B96E56A14643F2300F5D14A /* CCAtlasNode.m */; };
		2B96E66114643F2400F5D14A /* CCBlockSupport.m in Sources */ = {isa = PBXBuildFile; fileRef = 2B96E56C14643F2300F5D14A /* CCBlockSupport.m */; };
		2B96E66214643F2400F5D14A /* CCCamera.m in Sources */ = {isa = PBXBuildFile; fileRef = 2B96E56E14643F2300F5D14A /* CCCamera.m */; };
		2B96E66314643F2400F5D14A /* CCConfiguration.m in Sources */ = {isa = PBXBuildFile; fileRef = 2B96E57114643F2300F5D14A /* CCConfiguration.m */; };
		2B96E66414643F2400F5D14A /* CCDirector.m in Sources */ = {isa = PBXBuildFile; fileRef = 2B96E57314643F2300F5D14A /* CCDirector.m */; };
		2B96E66514643F2400F5D14A /* CCDrawingPrimitives.m in Sources */ = {isa = PBXBuildFile; fileRef = 2B96E57514643F2300F5D14A /* CCDrawingPrimitives.m */; };
		2B96E66614643F2400F5D14A /* CCGrabber.m in Sources */ = {isa = PBXBuildFile; fileRef = 2B96E57714643F2300F5D14A /* CCGrabber.m */; };
		2B96E66714643F2400F5D14A /* CCGrid.m in Sources */ = {isa = PBXBuildFile; fileRef = 2B96E57914643F2300F5D14A /* CCGrid.m */; };
		2B96E66814643F2400F5D14A /* CCLabelAtlas.m in Sources */ = {isa = PBXBuildFile; fileRef = 2B96E57B14643F2300F5D14A /* CCLabelAtlas.m */; };
		2B96E66914643F2400F5D14A /* CCLabelBMFont.m in Sources */ = {isa = PBXBuildFile; fileRef = 2B96E57D14643F2300F5D14A /* CCLabelBMFont.m */; };
		2B96E66A14643F2400F5D14A /* CCLabelTTF.m in Sources */ = {isa = PBXBuildFile; fileRef = 2B96E57F14643F2300F5D14A /* CCLabelTTF.m */; };
		2B96E66B14643F2400F5D14A /* CCLayer.m in Sources */ = {isa = PBXBuildFile; fileRef = 2B96E58114643F2300F5D14A /* CCLayer.m */; };
		2B96E66C14643F2400F5D14A /* CCMenu.m in Sources */ = {isa = PBXBuildFile; fileRef = 2B96E58414643F2300F5D14A /* CCMenu.m */; };
		2B96E66D14643F2400F5D14A /* CCMenuItem.m in Sources */ = {isa = PBXBuildFile; fileRef = 2B96E58614643F2300F5D14A /* CCMenuItem.m */; };
		2B96E66E14643F2400F5D14A /* CCMotionStreak.m in Sources */ = {isa = PBXBuildFile; fileRef = 2B96E58814643F2300F5D14A /* CCMotionStreak.m */; };
		2B96E66F14643F2400F5D14A /* CCNode.m in Sources */ = {isa = PBXBuildFile; fileRef = 2B96E58A14643F2300F5D14A /* CCNode.m */; };
		2B96E67014643F2400F5D14A /* CCParallaxNode.m in Sources */ = {isa = PBXBuildFile; fileRef = 2B96E58C14643F2300F5D14A /* CCParallaxNode.m */; };
		2B96E67114643F2400F5D14A /* CCParticleExamples.m in Sources */ = {isa = PBXBuildFile; fileRef = 2B96E58E14643F2300F5D14A /* CCParticleExamples.m */; };
		2B96E67214643F2400F5D14A /* CCParticleSystem.m in Sources */ = {isa = PBXBuildFile; fileRef = 2B96E59014643F2300F5D14A /* CCParticleSystem.m */; };
		2B96E67314643F2400F5D14A /* CCParticleSystemPoint.m in Sources */ = {isa = PBXBuildFile; fileRef = 2B96E59214643F2300F5D14A /* CCParticleSystemPoint.m */; };
		2B96E67414643F2400F5D14A /* CCParticleSystemQuad.m in Sources */ = {isa = PBXBuildFile; fileRef = 2B96E59414643F2300F5D14A /* CCParticleSystemQuad.m */; };
		2B96E67514643F2400F5D14A /* CCProgressTimer.m in Sources */ = {isa = PBXBuildFile; fileRef = 2B96E59614643F2300F5D14A /* CCProgressTimer.m */; };
		2B96E67614643F2400F5D14A /* CCRenderTexture.m in Sources */ = {isa = PBXBuildFile; fileRef = 2B96E59914643F2300F5D14A /* CCRenderTexture.m */; };
		2B96E67714643F2400F5D14A /* CCRibbon.m in Sources */ = {isa = PBXBuildFile; fileRef = 2B96E59B14643F2300F5D14A /* CCRibbon.m */; };
		2B96E67814643F2400F5D14A /* CCScene.m in Sources */ = {isa = PBXBuildFile; fileRef = 2B96E59D14643F2300F5D14A /* CCScene.m */; };
		2B96E67914643F2400F5D14A /* CCScheduler.m in Sources */ = {isa = PBXBuildFile; fileRef = 2B96E59F14643F2300F5D14A /* CCScheduler.m */; };
		2B96E67A14643F2400F5D14A /* CCSprite.m in Sources */ = {isa = PBXBuildFile; fileRef = 2B96E5A114643F2300F5D14A /* CCSprite.m */; };
		2B96E67B14643F2400F5D14A /* CCSpriteBatchNode.m in Sources */ = {isa = PBXBuildFile; fileRef = 2B96E5A314643F2300F5D14A /* CCSpriteBatchNode.m */; };
		2B96E67C14643F2400F5D14A /* CCSpriteFrame.m in Sources */ = {isa = PBXBuildFile; fileRef = 2B96E5A514643F2300F5D14A /* CCSpriteFrame.m */; };
		2B96E67D14643F2400F5D14A /* CCSpriteFrameCache.m in Sources */ = {isa = PBXBuildFile; fileRef = 2B96E5A714643F2300F5D14A /* CCSpriteFrameCache.m */; };
		2B96E67E14643F2400F5D14A /* CCTexture2D.m in Sources */ = {isa = PBXBuildFile; fileRef = 2B96E5A914643F2400F5D14A /* CCTexture2D.m */; };
		2B96E67F14643F2400F5D14A /* CCTextureAtlas.m in Sources */ = {isa = PBXBuildFile; fileRef = 2B96E5AB14643F2400F5D14A /* CCTextureAtlas.m */; };
		2B96E68014643F2400F5D14A /* CCTextureCache.m in Sources */ = {isa = PBXBuildFile; fileRef = 2B96E5AD14643F2400F5D14A /* CCTextureCache.m */; };
		2B96E68114643F2400F5D14A /* CCTexturePVR.m in Sources */ = {isa = PBXBuildFile; fileRef = 2B96E5AF14643F2400F5D14A /* CCTexturePVR.m */; };
		2B96E68214643F2400F5D14A /* CCTileMapAtlas.m in Sources */ = {isa = PBXBuildFile; fileRef = 2B96E5B114643F2400F5D14A /* CCTileMapAtlas.m */; };
		2B96E68314643F2400F5D14A /* CCTMXLayer.m in Sources */ = {isa = PBXBuildFile; fileRef = 2B96E5B314643F2400F5D14A /* CCTMXLayer.m */; };
		2B96E68414643F2400F5D14A /* CCTMXObjectGroup.m in Sources */ = {isa = PBXBuildFile; fileRef = 2B96E5B514643F2400F5D14A /* CCTMXObjectGroup.m */; };
		2B96E68514643F2400F5D14A /* CCTMXTiledMap.m in Sources */ = {isa = PBXBuildFile; fileRef = 2B96E5B714643F2400F5D14A /* CCTMXTiledMap.m */; };
		2B96E68614643F2400F5D14A /* CCTMXXMLParser.m in Sources */ = {isa = PBXBuildFile; fileRef = 2B96E5B914643F2400F5D14A /* CCTMXXMLParser.m */; };
		2B96E68714643F2400F5D14A /* CCTransition.m in Sources */ = {isa = PBXBuildFile; fileRef = 2B96E5BB14643F2400F5D14A /* CCTransition.m */; };
		2B96E68814643F2400F5D14A /* CCTransitionPageTurn.m in Sources */ = {isa = PBXBuildFile; fileRef = 2B96E5BD14643F2400F5D14A /* CCTransitionPageTurn.m */; };
		2B96E68914643F2400F5D14A /* CCTransitionRadial.m in Sources */ = {isa = PBXBuildFile; fileRef = 2B96E5BF14643F2400F5D14A /* CCTransitionRadial.m */; };
		2B96E68A14643F2400F5D14A /* cocos2d.m in Sources */ = {isa = PBXBuildFile; fileRef = 2B96E5C214643F2400F5D14A /* cocos2d.m */; };
		2B96E68B14643F2400F5D14A /* CCDirectorIOS.m in Sources */ = {isa = PBXBuildFile; fileRef = 2B96E5C814643F2400F5D14A /* CCDirectorIOS.m */; };
		2B96E68C14643F2400F5D14A /* CCTouchDispatcher.m in Sources */ = {isa = PBXBuildFile; fileRef = 2B96E5CB14643F2400F5D14A /* CCTouchDispatcher.m */; };
		2B96E68D14643F2400F5D14A /* CCTouchHandler.m in Sources */ = {isa = PBXBuildFile; fileRef = 2B96E5CD14643F2400F5D14A /* CCTouchHandler.m */; };
		2B96E68E14643F2400F5D14A /* EAGLView.m in Sources */ = {isa = PBXBuildFile; fileRef = 2B96E5CF14643F2400F5D14A /* EAGLView.m */; };
		2B96E68F14643F2400F5D14A /* ES1Renderer.m in Sources */ = {isa = PBXBuildFile; fileRef = 2B96E5D114643F2400F5D14A /* ES1Renderer.m */; };
		2B96E69014643F2400F5D14A /* glu.c in Sources */ = {isa = PBXBuildFile; fileRef = 2B96E5D314643F2400F5D14A /* glu.c */; };
		2B96E69114643F2400F5D14A /* CCDirectorMac.m in Sources */ = {isa = PBXBuildFile; fileRef = 2B96E5D714643F2400F5D14A /* CCDirectorMac.m */; };
		2B96E69214643F2400F5D14A /* CCEventDispatcher.m in Sources */ = {isa = PBXBuildFile; fileRef = 2B96E5D914643F2400F5D14A /* CCEventDispatcher.m */; };
		2B96E69314643F2400F5D14A /* MacGLView.m in Sources */ = {isa = PBXBuildFile; fileRef = 2B96E5DB14643F2400F5D14A /* MacGLView.m */; };
		2B96E69414643F2400F5D14A /* MacWindow.m in Sources */ = {isa = PBXBuildFile; fileRef = 2B96E5DD14643F2400F5D14A /* MacWindow.m */; };
		2B96E69514643F2400F5D14A /* base64.c in Sources */ = {isa = PBXBuildFile; fileRef = 2B96E5DF14643F2400F5D14A /* base64.c */; };
		2B96E69614643F2400F5D14A /* CCArray.m in Sources */ = {isa = PBXBuildFile; fileRef = 2B96E5E214643F2400F5D14A /* CCArray.m */; };
		2B96E69714643F2400F5D14A /* CCFileUtils.m in Sources */ = {isa = PBXBuildFile; fileRef = 2B96E5E514643F2400F5D14A /* CCFileUtils.m */; };
		2B96E69814643F2400F5D14A /* CCProfiling.m in Sources */ = {isa = PBXBuildFile; fileRef = 2B96E5E714643F2400F5D14A /* CCProfiling.m */; };
		2B96E69914643F2400F5D14A /* ccUtils.c in Sources */ = {isa = PBXBuildFile; fileRef = 2B96E5E814643F2400F5D14A /* ccUtils.c */; };
		2B96E69A14643F2400F5D14A /* CGPointExtension.m in Sources */ = {isa = PBXBuildFile; fileRef = 2B96E5EB14643F2400F5D14A /* CGPointExtension.m */; };
		2B96E69B14643F2400F5D14A /* TGAlib.m in Sources */ = {isa = PBXBuildFile; fileRef = 2B96E5EE14643F2400F5D14A /* TGAlib.m */; };
		2B96E69C14643F2400F5D14A /* TransformUtils.m in Sources */ = {isa = PBXBuildFile; fileRef = 2B96E5F014643F2400F5D14A /* TransformUtils.m */; };
		2B96E69D14643F2400F5D14A /* ZipUtils.m in Sources */ = {isa = PBXBuildFile; fileRef = 2B96E5F414643F2400F5D14A /* ZipUtils.m */; };
		2B96E69E14643F2400F5D14A /* CDAudioManager.m in Sources */ = {isa = PBXBuildFile; fileRef = 2B96E5F714643F2400F5D14A /* CDAudioManager.m */; };
		2B96E69F14643F2400F5D14A /* CDOpenALSupport.m in Sources */ = {isa = PBXBuildFile; fileRef = 2B96E5FA14643F2400F5D14A /* CDOpenALSupport.m */; };
		2B96E6A014643F2400F5D14A /* CocosDenshion.m in Sources */ = {isa = PBXBuildFile; fileRef = 2B96E5FC14643F2400F5D14A /* CocosDenshion.m */; };
		2B96E6A114643F2400F5D14A /* SimpleAudioEngine.m in Sources */ = {isa = PBXBuildFile; fileRef = 2B96E5FE14643F2400F5D14A /* SimpleAudioEngine.m */; };
		2B96E6A214643F2400F5D14A /* CLScoreServerPost.m in Sources */ = {isa = PBXBuildFile; fileRef = 2B96E60114643F2400F5D14A /* CLScoreServerPost.m */; };
		2B96E6A314643F2400F5D14A /* CLScoreServerRequest.m in Sources */ = {isa = PBXBuildFile; fileRef = 2B96E60314643F2400F5D14A /* CLScoreServerRequest.m */; };
		2B96E6A414643F2400F5D14A /* cocoslive.m in Sources */ = {isa = PBXBuildFile; fileRef = 2B96E60514643F2400F5D14A /* cocoslive.m */; };
		2B96E6A514643F2400F5D14A /* Analytics-README.pdf in Resources */ = {isa = PBXBuildFile; fileRef = 2B96E60714643F2400F5D14A /* Analytics-README.pdf */; };
		2B96E6A614643F2400F5D14A /* AppCircle-README.pdf in Resources */ = {isa = PBXBuildFile; fileRef = 2B96E60814643F2400F5D14A /* AppCircle-README.pdf */; };
		2B96E6A714643F2400F5D14A /* libFlurryAnalytics.a in Frameworks */ = {isa = PBXBuildFile; fileRef = 2B96E60B14643F2400F5D14A /* libFlurryAnalytics.a */; };
		2B96E6A814643F2400F5D14A /* libFlurryAppCircle.a in Frameworks */ = {isa = PBXBuildFile; fileRef = 2B96E61014643F2400F5D14A /* libFlurryAppCircle.a */; };
		2B96E6A914643F2400F5D14A /* iOS-2.xSDK-Upgrade-README.pdf in Resources */ = {isa = PBXBuildFile; fileRef = 2B96E61114643F2400F5D14A /* iOS-2.xSDK-Upgrade-README.pdf */; };
		2B96E6AA14643F2400F5D14A /* ProjectApiKey.txt in Resources */ = {isa = PBXBuildFile; fileRef = 2B96E61214643F2400F5D14A /* ProjectApiKey.txt */; };
		2B96E6AB14643F2400F5D14A /* RELEASE_NOTES.txt in Resources */ = {isa = PBXBuildFile; fileRef = 2B96E61314643F2400F5D14A /* RELEASE_NOTES.txt */; };
		2B96E6AC14643F2400F5D14A /* FontLabel.m in Sources */ = {isa = PBXBuildFile; fileRef = 2B96E61614643F2400F5D14A /* FontLabel.m */; };
		2B96E6AD14643F2400F5D14A /* FontLabelStringDrawing.m in Sources */ = {isa = PBXBuildFile; fileRef = 2B96E61814643F2400F5D14A /* FontLabelStringDrawing.m */; };
		2B96E6AE14643F2400F5D14A /* FontManager.m in Sources */ = {isa = PBXBuildFile; fileRef = 2B96E61A14643F2400F5D14A /* FontManager.m */; };
		2B96E6AF14643F2400F5D14A /* ZAttributedString.m in Sources */ = {isa = PBXBuildFile; fileRef = 2B96E61C14643F2400F5D14A /* ZAttributedString.m */; };
		2B96E6B014643F2400F5D14A /* ZFont.m in Sources */ = {isa = PBXBuildFile; fileRef = 2B96E61F14643F2400F5D14A /* ZFont.m */; };
		2B96E6B114643F2400F5D14A /* LICENSE_cocos2d.txt in Resources */ = {isa = PBXBuildFile; fileRef = 2B96E62014643F2400F5D14A /* LICENSE_cocos2d.txt */; };
		2B96E6B214643F2400F5D14A /* LICENSE_CocosDenshion.txt in Resources */ = {isa = PBXBuildFile; fileRef = 2B96E62114643F2400F5D14A /* LICENSE_CocosDenshion.txt */; };
		2B96E6B314643F2400F5D14A /* LICENSE_FontLabel.txt in Resources */ = {isa = PBXBuildFile; fileRef = 2B96E62214643F2400F5D14A /* LICENSE_FontLabel.txt */; };
		2B96E6B414643F2400F5D14A /* LICENSE_TouchJSON.txt in Resources */ = {isa = PBXBuildFile; fileRef = 2B96E62314643F2400F5D14A /* LICENSE_TouchJSON.txt */; };
		2B96E6B514643F2400F5D14A /* CDataScanner.m in Sources */ = {isa = PBXBuildFile; fileRef = 2B96E62614643F2400F5D14A /* CDataScanner.m */; };
		2B96E6B614643F2400F5D14A /* CDataScanner_Extensions.m in Sources */ = {isa = PBXBuildFile; fileRef = 2B96E62914643F2400F5D14A /* CDataScanner_Extensions.m */; };
		2B96E6B714643F2400F5D14A /* NSDictionary_JSONExtensions.m in Sources */ = {isa = PBXBuildFile; fileRef = 2B96E62B14643F2400F5D14A /* NSDictionary_JSONExtensions.m */; };
		2B96E6B814643F2400F5D14A /* CJSONDeserializer.m in Sources */ = {isa = PBXBuildFile; fileRef = 2B96E62E14643F2400F5D14A /* CJSONDeserializer.m */; };
		2B96E6B914643F2400F5D14A /* CJSONScanner.m in Sources */ = {isa = PBXBuildFile; fileRef = 2B96E63014643F2400F5D14A /* CJSONScanner.m */; };
		2B96E6BA14643F2400F5D14A /* CJSONSerializer.m in Sources */ = {isa = PBXBuildFile; fileRef = 2B96E63214643F2400F5D14A /* CJSONSerializer.m */; };
/* End PBXBuildFile section */

/* Begin PBXFileReference section */
		2B45D3B0145B7B5700960E3B /* SampleSurvey.app */ = {isa = PBXFileReference; explicitFileType = wrapper.application; includeInIndex = 0; path = SampleSurvey.app; sourceTree = BUILT_PRODUCTS_DIR; };
		2B45D3B4145B7B5700960E3B /* QuartzCore.framework */ = {isa = PBXFileReference; lastKnownFileType = wrapper.framework; name = QuartzCore.framework; path = System/Library/Frameworks/QuartzCore.framework; sourceTree = SDKROOT; };
		2B45D3B6145B7B5700960E3B /* OpenGLES.framework */ = {isa = PBXFileReference; lastKnownFileType = wrapper.framework; name = OpenGLES.framework; path = System/Library/Frameworks/OpenGLES.framework; sourceTree = SDKROOT; };
		2B45D3B8145B7B5700960E3B /* OpenAL.framework */ = {isa = PBXFileReference; lastKnownFileType = wrapper.framework; name = OpenAL.framework; path = System/Library/Frameworks/OpenAL.framework; sourceTree = SDKROOT; };
		2B45D3BA145B7B5700960E3B /* AudioToolbox.framework */ = {isa = PBXFileReference; lastKnownFileType = wrapper.framework; name = AudioToolbox.framework; path = System/Library/Frameworks/AudioToolbox.framework; sourceTree = SDKROOT; };
		2B45D3BC145B7B5700960E3B /* AVFoundation.framework */ = {isa = PBXFileReference; lastKnownFileType = wrapper.framework; name = AVFoundation.framework; path = System/Library/Frameworks/AVFoundation.framework; sourceTree = SDKROOT; };
		2B45D3BE145B7B5700960E3B /* UIKit.framework */ = {isa = PBXFileReference; lastKnownFileType = wrapper.framework; name = UIKit.framework; path = System/Library/Frameworks/UIKit.framework; sourceTree = SDKROOT; };
		2B45D3C0145B7B5700960E3B /* Foundation.framework */ = {isa = PBXFileReference; lastKnownFileType = wrapper.framework; name = Foundation.framework; path = System/Library/Frameworks/Foundation.framework; sourceTree = SDKROOT; };
		2B45D3C2145B7B5700960E3B /* CoreGraphics.framework */ = {isa = PBXFileReference; lastKnownFileType = wrapper.framework; name = CoreGraphics.framework; path = System/Library/Frameworks/CoreGraphics.framework; sourceTree = SDKROOT; };
		2B45D3C6145B7B5700960E3B /* Default.png */ = {isa = PBXFileReference; lastKnownFileType = image.png; name = Default.png; path = Resources/Default.png; sourceTree = "<group>"; };
		2B45D3C8145B7B5700960E3B /* fps_images.png */ = {isa = PBXFileReference; lastKnownFileType = image.png; name = fps_images.png; path = Resources/fps_images.png; sourceTree = "<group>"; };
		2B45D3CA145B7B5700960E3B /* Icon-72.png */ = {isa = PBXFileReference; lastKnownFileType = image.png; name = "Icon-72.png"; path = "Resources/Icon-72.png"; sourceTree = "<group>"; };
		2B45D3CC145B7B5700960E3B /* Icon-Small-50.png */ = {isa = PBXFileReference; lastKnownFileType = image.png; name = "Icon-Small-50.png"; path = "Resources/Icon-Small-50.png"; sourceTree = "<group>"; };
		2B45D3CE145B7B5700960E3B /* Icon-Small.png */ = {isa = PBXFileReference; lastKnownFileType = image.png; name = "Icon-Small.png"; path = "Resources/Icon-Small.png"; sourceTree = "<group>"; };
		2B45D3D0145B7B5700960E3B /* Icon-Small@2x.png */ = {isa = PBXFileReference; lastKnownFileType = image.png; name = "Icon-Small@2x.png"; path = "Resources/Icon-Small@2x.png"; sourceTree = "<group>"; };
		2B45D3D2145B7B5700960E3B /* Icon.png */ = {isa = PBXFileReference; lastKnownFileType = image.png; name = Icon.png; path = Resources/Icon.png; sourceTree = "<group>"; };
		2B45D3D4145B7B5700960E3B /* Icon@2x.png */ = {isa = PBXFileReference; lastKnownFileType = image.png; name = "Icon@2x.png"; path = "Resources/Icon@2x.png"; sourceTree = "<group>"; };
		2B45D3D6145B7B5700960E3B /* Info.plist */ = {isa = PBXFileReference; lastKnownFileType = text.plist.xml; name = Info.plist; path = Resources/Info.plist; sourceTree = "<group>"; };
		2B45D3D7145B7B5700960E3B /* iTunesArtwork */ = {isa = PBXFileReference; lastKnownFileType = file; name = iTunesArtwork; path = Resources/iTunesArtwork; sourceTree = "<group>"; };
		2B45D513145B7B5900960E3B /* Prefix.pch */ = {isa = PBXFileReference; lastKnownFileType = sourcecode.c.h; path = Prefix.pch; sourceTree = "<group>"; };
		2B45D514145B7B5900960E3B /* main.m */ = {isa = PBXFileReference; lastKnownFileType = sourcecode.c.objc; path = main.m; sourceTree = "<group>"; };
		2B45D516145B7B5900960E3B /* AppDelegate.h */ = {isa = PBXFileReference; lastKnownFileType = sourcecode.c.h; path = AppDelegate.h; sourceTree = "<group>"; };
		2B45D517145B7B5900960E3B /* AppDelegate.m */ = {isa = PBXFileReference; lastKnownFileType = sourcecode.c.objc; path = AppDelegate.m; sourceTree = "<group>"; };
		2B45D519145B7B5900960E3B /* RootViewController.h */ = {isa = PBXFileReference; lastKnownFileType = sourcecode.c.h; path = RootViewController.h; sourceTree = "<group>"; };
		2B45D51A145B7B5900960E3B /* RootViewController.m */ = {isa = PBXFileReference; lastKnownFileType = sourcecode.c.objc; path = RootViewController.m; sourceTree = "<group>"; };
		2B45D51C145B7B5900960E3B /* HelloWorldLayer.h */ = {isa = PBXFileReference; lastKnownFileType = sourcecode.c.h; path = HelloWorldLayer.h; sourceTree = "<group>"; };
		2B45D51D145B7B5900960E3B /* HelloWorldLayer.m */ = {isa = PBXFileReference; lastKnownFileType = sourcecode.c.objc; path = HelloWorldLayer.m; sourceTree = "<group>"; };
		2B45D51F145B7B5900960E3B /* GameConfig.h */ = {isa = PBXFileReference; lastKnownFileType = sourcecode.c.h; path = GameConfig.h; sourceTree = "<group>"; };
		2B45D52E145B7C7200960E3B /* default_background_portrait.png */ = {isa = PBXFileReference; lastKnownFileType = image.png; path = default_background_portrait.png; sourceTree = "<group>"; };
		2B45D532145B85BD00960E3B /* options_button.png */ = {isa = PBXFileReference; lastKnownFileType = image.png; path = options_button.png; sourceTree = "<group>"; };
		2B9323E214606B72003883EE /* button_pause.png */ = {isa = PBXFileReference; lastKnownFileType = image.png; path = button_pause.png; sourceTree = "<group>"; };
		2B9323E414607108003883EE /* SurveyState.h */ = {isa = PBXFileReference; fileEncoding = 4; lastKnownFileType = sourcecode.c.h; path = SurveyState.h; sourceTree = "<group>"; };
		2B9323E514607108003883EE /* SurveyState.m */ = {isa = PBXFileReference; fileEncoding = 4; lastKnownFileType = sourcecode.c.objc; path = SurveyState.m; sourceTree = "<group>"; };
		2B9323E714607434003883EE /* instructions_blank-01.png */ = {isa = PBXFileReference; lastKnownFileType = image.png; path = "instructions_blank-01.png"; sourceTree = "<group>"; };
		2B9323ED1460A346003883EE /* myXMLfile.xml */ = {isa = PBXFileReference; fileEncoding = 4; lastKnownFileType = text.xml; name = myXMLfile.xml; path = Resources/myXMLfile.xml; sourceTree = "<group>"; };
		2B9324001461E89C003883EE /* _coordinates.rtf */ = {isa = PBXFileReference; fileEncoding = 4; lastKnownFileType = text.rtf; path = _coordinates.rtf; sourceTree = "<group>"; };
		2B9324011461E89C003883EE /* answer_button.png */ = {isa = PBXFileReference; lastKnownFileType = image.png; path = answer_button.png; sourceTree = "<group>"; };
		2B9324021461E89C003883EE /* feedback_popup.png */ = {isa = PBXFileReference; lastKnownFileType = image.png; path = feedback_popup.png; sourceTree = "<group>"; };
		2B9324031461E89D003883EE /* nothanks_button.png */ = {isa = PBXFileReference; lastKnownFileType = image.png; path = nothanks_button.png; sourceTree = "<group>"; };
		2B9324041461E89D003883EE /* opaque_background.png */ = {isa = PBXFileReference; lastKnownFileType = image.png; path = opaque_background.png; sourceTree = "<group>"; };
		2B96E54D14643F2300F5D14A /* CCAction.h */ = {isa = PBXFileReference; fileEncoding = 4; lastKnownFileType = sourcecode.c.h; path = CCAction.h; sourceTree = "<group>"; };
		2B96E54E14643F2300F5D14A /* CCAction.m */ = {isa = PBXFileReference; fileEncoding = 4; lastKnownFileType = sourcecode.c.objc; path = CCAction.m; sourceTree = "<group>"; };
		2B96E54F14643F2300F5D14A /* CCActionCamera.h */ = {isa = PBXFileReference; fileEncoding = 4; lastKnownFileType = sourcecode.c.h; path = CCActionCamera.h; sourceTree = "<group>"; };
		2B96E55014643F2300F5D14A /* CCActionCamera.m */ = {isa = PBXFileReference; fileEncoding = 4; lastKnownFileType = sourcecode.c.objc; path = CCActionCamera.m; sourceTree = "<group>"; };
		2B96E55114643F2300F5D14A /* CCActionEase.h */ = {isa = PBXFileReference; fileEncoding = 4; lastKnownFileType = sourcecode.c.h; path = CCActionEase.h; sourceTree = "<group>"; };
		2B96E55214643F2300F5D14A /* CCActionEase.m */ = {isa = PBXFileReference; fileEncoding = 4; lastKnownFileType = sourcecode.c.objc; path = CCActionEase.m; sourceTree = "<group>"; };
		2B96E55314643F2300F5D14A /* CCActionGrid.h */ = {isa = PBXFileReference; fileEncoding = 4; lastKnownFileType = sourcecode.c.h; path = CCActionGrid.h; sourceTree = "<group>"; };
		2B96E55414643F2300F5D14A /* CCActionGrid.m */ = {isa = PBXFileReference; fileEncoding = 4; lastKnownFileType = sourcecode.c.objc; path = CCActionGrid.m; sourceTree = "<group>"; };
		2B96E55514643F2300F5D14A /* CCActionGrid3D.h */ = {isa = PBXFileReference; fileEncoding = 4; lastKnownFileType = sourcecode.c.h; path = CCActionGrid3D.h; sourceTree = "<group>"; };
		2B96E55614643F2300F5D14A /* CCActionGrid3D.m */ = {isa = PBXFileReference; fileEncoding = 4; lastKnownFileType = sourcecode.c.objc; path = CCActionGrid3D.m; sourceTree = "<group>"; };
		2B96E55714643F2300F5D14A /* CCActionInstant.h */ = {isa = PBXFileReference; fileEncoding = 4; lastKnownFileType = sourcecode.c.h; path = CCActionInstant.h; sourceTree = "<group>"; };
		2B96E55814643F2300F5D14A /* CCActionInstant.m */ = {isa = PBXFileReference; fileEncoding = 4; lastKnownFileType = sourcecode.c.objc; path = CCActionInstant.m; sourceTree = "<group>"; };
		2B96E55914643F2300F5D14A /* CCActionInterval.h */ = {isa = PBXFileReference; fileEncoding = 4; lastKnownFileType = sourcecode.c.h; path = CCActionInterval.h; sourceTree = "<group>"; };
		2B96E55A14643F2300F5D14A /* CCActionInterval.m */ = {isa = PBXFileReference; fileEncoding = 4; lastKnownFileType = sourcecode.c.objc; path = CCActionInterval.m; sourceTree = "<group>"; };
		2B96E55B14643F2300F5D14A /* CCActionManager.h */ = {isa = PBXFileReference; fileEncoding = 4; lastKnownFileType = sourcecode.c.h; path = CCActionManager.h; sourceTree = "<group>"; };
		2B96E55C14643F2300F5D14A /* CCActionManager.m */ = {isa = PBXFileReference; fileEncoding = 4; lastKnownFileType = sourcecode.c.objc; path = CCActionManager.m; sourceTree = "<group>"; };
		2B96E55D14643F2300F5D14A /* CCActionPageTurn3D.h */ = {isa = PBXFileReference; fileEncoding = 4; lastKnownFileType = sourcecode.c.h; path = CCActionPageTurn3D.h; sourceTree = "<group>"; };
		2B96E55E14643F2300F5D14A /* CCActionPageTurn3D.m */ = {isa = PBXFileReference; fileEncoding = 4; lastKnownFileType = sourcecode.c.objc; path = CCActionPageTurn3D.m; sourceTree = "<group>"; };
		2B96E55F14643F2300F5D14A /* CCActionProgressTimer.h */ = {isa = PBXFileReference; fileEncoding = 4; lastKnownFileType = sourcecode.c.h; path = CCActionProgressTimer.h; sourceTree = "<group>"; };
		2B96E56014643F2300F5D14A /* CCActionProgressTimer.m */ = {isa = PBXFileReference; fileEncoding = 4; lastKnownFileType = sourcecode.c.objc; path = CCActionProgressTimer.m; sourceTree = "<group>"; };
		2B96E56114643F2300F5D14A /* CCActionTiledGrid.h */ = {isa = PBXFileReference; fileEncoding = 4; lastKnownFileType = sourcecode.c.h; path = CCActionTiledGrid.h; sourceTree = "<group>"; };
		2B96E56214643F2300F5D14A /* CCActionTiledGrid.m */ = {isa = PBXFileReference; fileEncoding = 4; lastKnownFileType = sourcecode.c.objc; path = CCActionTiledGrid.m; sourceTree = "<group>"; };
		2B96E56314643F2300F5D14A /* CCActionTween.h */ = {isa = PBXFileReference; fileEncoding = 4; lastKnownFileType = sourcecode.c.h; path = CCActionTween.h; sourceTree = "<group>"; };
		2B96E56414643F2300F5D14A /* CCActionTween.m */ = {isa = PBXFileReference; fileEncoding = 4; lastKnownFileType = sourcecode.c.objc; path = CCActionTween.m; sourceTree = "<group>"; };
		2B96E56514643F2300F5D14A /* CCAnimation.h */ = {isa = PBXFileReference; fileEncoding = 4; lastKnownFileType = sourcecode.c.h; path = CCAnimation.h; sourceTree = "<group>"; };
		2B96E56614643F2300F5D14A /* CCAnimation.m */ = {isa = PBXFileReference; fileEncoding = 4; lastKnownFileType = sourcecode.c.objc; path = CCAnimation.m; sourceTree = "<group>"; };
		2B96E56714643F2300F5D14A /* CCAnimationCache.h */ = {isa = PBXFileReference; fileEncoding = 4; lastKnownFileType = sourcecode.c.h; path = CCAnimationCache.h; sourceTree = "<group>"; };
		2B96E56814643F2300F5D14A /* CCAnimationCache.m */ = {isa = PBXFileReference; fileEncoding = 4; lastKnownFileType = sourcecode.c.objc; path = CCAnimationCache.m; sourceTree = "<group>"; };
		2B96E56914643F2300F5D14A /* CCAtlasNode.h */ = {isa = PBXFileReference; fileEncoding = 4; lastKnownFileType = sourcecode.c.h; path = CCAtlasNode.h; sourceTree = "<group>"; };
		2B96E56A14643F2300F5D14A /* CCAtlasNode.m */ = {isa = PBXFileReference; fileEncoding = 4; lastKnownFileType = sourcecode.c.objc; path = CCAtlasNode.m; sourceTree = "<group>"; };
		2B96E56B14643F2300F5D14A /* CCBlockSupport.h */ = {isa = PBXFileReference; fileEncoding = 4; lastKnownFileType = sourcecode.c.h; path = CCBlockSupport.h; sourceTree = "<group>"; };
		2B96E56C14643F2300F5D14A /* CCBlockSupport.m */ = {isa = PBXFileReference; fileEncoding = 4; lastKnownFileType = sourcecode.c.objc; path = CCBlockSupport.m; sourceTree = "<group>"; };
		2B96E56D14643F2300F5D14A /* CCCamera.h */ = {isa = PBXFileReference; fileEncoding = 4; lastKnownFileType = sourcecode.c.h; path = CCCamera.h; sourceTree = "<group>"; };
		2B96E56E14643F2300F5D14A /* CCCamera.m */ = {isa = PBXFileReference; fileEncoding = 4; lastKnownFileType = sourcecode.c.objc; path = CCCamera.m; sourceTree = "<group>"; };
		2B96E56F14643F2300F5D14A /* ccConfig.h */ = {isa = PBXFileReference; fileEncoding = 4; lastKnownFileType = sourcecode.c.h; path = ccConfig.h; sourceTree = "<group>"; };
		2B96E57014643F2300F5D14A /* CCConfiguration.h */ = {isa = PBXFileReference; fileEncoding = 4; lastKnownFileType = sourcecode.c.h; path = CCConfiguration.h; sourceTree = "<group>"; };
		2B96E57114643F2300F5D14A /* CCConfiguration.m */ = {isa = PBXFileReference; fileEncoding = 4; lastKnownFileType = sourcecode.c.objc; path = CCConfiguration.m; sourceTree = "<group>"; };
		2B96E57214643F2300F5D14A /* CCDirector.h */ = {isa = PBXFileReference; fileEncoding = 4; lastKnownFileType = sourcecode.c.h; path = CCDirector.h; sourceTree = "<group>"; };
		2B96E57314643F2300F5D14A /* CCDirector.m */ = {isa = PBXFileReference; fileEncoding = 4; lastKnownFileType = sourcecode.c.objc; path = CCDirector.m; sourceTree = "<group>"; };
		2B96E57414643F2300F5D14A /* CCDrawingPrimitives.h */ = {isa = PBXFileReference; fileEncoding = 4; lastKnownFileType = sourcecode.c.h; path = CCDrawingPrimitives.h; sourceTree = "<group>"; };
		2B96E57514643F2300F5D14A /* CCDrawingPrimitives.m */ = {isa = PBXFileReference; fileEncoding = 4; lastKnownFileType = sourcecode.c.objc; path = CCDrawingPrimitives.m; sourceTree = "<group>"; };
		2B96E57614643F2300F5D14A /* CCGrabber.h */ = {isa = PBXFileReference; fileEncoding = 4; lastKnownFileType = sourcecode.c.h; path = CCGrabber.h; sourceTree = "<group>"; };
		2B96E57714643F2300F5D14A /* CCGrabber.m */ = {isa = PBXFileReference; fileEncoding = 4; lastKnownFileType = sourcecode.c.objc; path = CCGrabber.m; sourceTree = "<group>"; };
		2B96E57814643F2300F5D14A /* CCGrid.h */ = {isa = PBXFileReference; fileEncoding = 4; lastKnownFileType = sourcecode.c.h; path = CCGrid.h; sourceTree = "<group>"; };
		2B96E57914643F2300F5D14A /* CCGrid.m */ = {isa = PBXFileReference; fileEncoding = 4; lastKnownFileType = sourcecode.c.objc; path = CCGrid.m; sourceTree = "<group>"; };
		2B96E57A14643F2300F5D14A /* CCLabelAtlas.h */ = {isa = PBXFileReference; fileEncoding = 4; lastKnownFileType = sourcecode.c.h; path = CCLabelAtlas.h; sourceTree = "<group>"; };
		2B96E57B14643F2300F5D14A /* CCLabelAtlas.m */ = {isa = PBXFileReference; fileEncoding = 4; lastKnownFileType = sourcecode.c.objc; path = CCLabelAtlas.m; sourceTree = "<group>"; };
		2B96E57C14643F2300F5D14A /* CCLabelBMFont.h */ = {isa = PBXFileReference; fileEncoding = 4; lastKnownFileType = sourcecode.c.h; path = CCLabelBMFont.h; sourceTree = "<group>"; };
		2B96E57D14643F2300F5D14A /* CCLabelBMFont.m */ = {isa = PBXFileReference; fileEncoding = 4; lastKnownFileType = sourcecode.c.objc; path = CCLabelBMFont.m; sourceTree = "<group>"; };
		2B96E57E14643F2300F5D14A /* CCLabelTTF.h */ = {isa = PBXFileReference; fileEncoding = 4; lastKnownFileType = sourcecode.c.h; path = CCLabelTTF.h; sourceTree = "<group>"; };
		2B96E57F14643F2300F5D14A /* CCLabelTTF.m */ = {isa = PBXFileReference; fileEncoding = 4; lastKnownFileType = sourcecode.c.objc; path = CCLabelTTF.m; sourceTree = "<group>"; };
		2B96E58014643F2300F5D14A /* CCLayer.h */ = {isa = PBXFileReference; fileEncoding = 4; lastKnownFileType = sourcecode.c.h; path = CCLayer.h; sourceTree = "<group>"; };
		2B96E58114643F2300F5D14A /* CCLayer.m */ = {isa = PBXFileReference; fileEncoding = 4; lastKnownFileType = sourcecode.c.objc; path = CCLayer.m; sourceTree = "<group>"; };
		2B96E58214643F2300F5D14A /* ccMacros.h */ = {isa = PBXFileReference; fileEncoding = 4; lastKnownFileType = sourcecode.c.h; path = ccMacros.h; sourceTree = "<group>"; };
		2B96E58314643F2300F5D14A /* CCMenu.h */ = {isa = PBXFileReference; fileEncoding = 4; lastKnownFileType = sourcecode.c.h; path = CCMenu.h; sourceTree = "<group>"; };
		2B96E58414643F2300F5D14A /* CCMenu.m */ = {isa = PBXFileReference; fileEncoding = 4; lastKnownFileType = sourcecode.c.objc; path = CCMenu.m; sourceTree = "<group>"; };
		2B96E58514643F2300F5D14A /* CCMenuItem.h */ = {isa = PBXFileReference; fileEncoding = 4; lastKnownFileType = sourcecode.c.h; path = CCMenuItem.h; sourceTree = "<group>"; };
		2B96E58614643F2300F5D14A /* CCMenuItem.m */ = {isa = PBXFileReference; fileEncoding = 4; lastKnownFileType = sourcecode.c.objc; path = CCMenuItem.m; sourceTree = "<group>"; };
		2B96E58714643F2300F5D14A /* CCMotionStreak.h */ = {isa = PBXFileReference; fileEncoding = 4; lastKnownFileType = sourcecode.c.h; path = CCMotionStreak.h; sourceTree = "<group>"; };
		2B96E58814643F2300F5D14A /* CCMotionStreak.m */ = {isa = PBXFileReference; fileEncoding = 4; lastKnownFileType = sourcecode.c.objc; path = CCMotionStreak.m; sourceTree = "<group>"; };
		2B96E58914643F2300F5D14A /* CCNode.h */ = {isa = PBXFileReference; fileEncoding = 4; lastKnownFileType = sourcecode.c.h; path = CCNode.h; sourceTree = "<group>"; };
		2B96E58A14643F2300F5D14A /* CCNode.m */ = {isa = PBXFileReference; fileEncoding = 4; lastKnownFileType = sourcecode.c.objc; path = CCNode.m; sourceTree = "<group>"; };
		2B96E58B14643F2300F5D14A /* CCParallaxNode.h */ = {isa = PBXFileReference; fileEncoding = 4; lastKnownFileType = sourcecode.c.h; path = CCParallaxNode.h; sourceTree = "<group>"; };
		2B96E58C14643F2300F5D14A /* CCParallaxNode.m */ = {isa = PBXFileReference; fileEncoding = 4; lastKnownFileType = sourcecode.c.objc; path = CCParallaxNode.m; sourceTree = "<group>"; };
		2B96E58D14643F2300F5D14A /* CCParticleExamples.h */ = {isa = PBXFileReference; fileEncoding = 4; lastKnownFileType = sourcecode.c.h; path = CCParticleExamples.h; sourceTree = "<group>"; };
		2B96E58E14643F2300F5D14A /* CCParticleExamples.m */ = {isa = PBXFileReference; fileEncoding = 4; lastKnownFileType = sourcecode.c.objc; path = CCParticleExamples.m; sourceTree = "<group>"; };
		2B96E58F14643F2300F5D14A /* CCParticleSystem.h */ = {isa = PBXFileReference; fileEncoding = 4; lastKnownFileType = sourcecode.c.h; path = CCParticleSystem.h; sourceTree = "<group>"; };
		2B96E59014643F2300F5D14A /* CCParticleSystem.m */ = {isa = PBXFileReference; fileEncoding = 4; lastKnownFileType = sourcecode.c.objc; path = CCParticleSystem.m; sourceTree = "<group>"; };
		2B96E59114643F2300F5D14A /* CCParticleSystemPoint.h */ = {isa = PBXFileReference; fileEncoding = 4; lastKnownFileType = sourcecode.c.h; path = CCParticleSystemPoint.h; sourceTree = "<group>"; };
		2B96E59214643F2300F5D14A /* CCParticleSystemPoint.m */ = {isa = PBXFileReference; fileEncoding = 4; lastKnownFileType = sourcecode.c.objc; path = CCParticleSystemPoint.m; sourceTree = "<group>"; };
		2B96E59314643F2300F5D14A /* CCParticleSystemQuad.h */ = {isa = PBXFileReference; fileEncoding = 4; lastKnownFileType = sourcecode.c.h; path = CCParticleSystemQuad.h; sourceTree = "<group>"; };
		2B96E59414643F2300F5D14A /* CCParticleSystemQuad.m */ = {isa = PBXFileReference; fileEncoding = 4; lastKnownFileType = sourcecode.c.objc; path = CCParticleSystemQuad.m; sourceTree = "<group>"; };
		2B96E59514643F2300F5D14A /* CCProgressTimer.h */ = {isa = PBXFileReference; fileEncoding = 4; lastKnownFileType = sourcecode.c.h; path = CCProgressTimer.h; sourceTree = "<group>"; };
		2B96E59614643F2300F5D14A /* CCProgressTimer.m */ = {isa = PBXFileReference; fileEncoding = 4; lastKnownFileType = sourcecode.c.objc; path = CCProgressTimer.m; sourceTree = "<group>"; };
		2B96E59714643F2300F5D14A /* CCProtocols.h */ = {isa = PBXFileReference; fileEncoding = 4; lastKnownFileType = sourcecode.c.h; path = CCProtocols.h; sourceTree = "<group>"; };
		2B96E59814643F2300F5D14A /* CCRenderTexture.h */ = {isa = PBXFileReference; fileEncoding = 4; lastKnownFileType = sourcecode.c.h; path = CCRenderTexture.h; sourceTree = "<group>"; };
		2B96E59914643F2300F5D14A /* CCRenderTexture.m */ = {isa = PBXFileReference; fileEncoding = 4; lastKnownFileType = sourcecode.c.objc; path = CCRenderTexture.m; sourceTree = "<group>"; };
		2B96E59A14643F2300F5D14A /* CCRibbon.h */ = {isa = PBXFileReference; fileEncoding = 4; lastKnownFileType = sourcecode.c.h; path = CCRibbon.h; sourceTree = "<group>"; };
		2B96E59B14643F2300F5D14A /* CCRibbon.m */ = {isa = PBXFileReference; fileEncoding = 4; lastKnownFileType = sourcecode.c.objc; path = CCRibbon.m; sourceTree = "<group>"; };
		2B96E59C14643F2300F5D14A /* CCScene.h */ = {isa = PBXFileReference; fileEncoding = 4; lastKnownFileType = sourcecode.c.h; path = CCScene.h; sourceTree = "<group>"; };
		2B96E59D14643F2300F5D14A /* CCScene.m */ = {isa = PBXFileReference; fileEncoding = 4; lastKnownFileType = sourcecode.c.objc; path = CCScene.m; sourceTree = "<group>"; };
		2B96E59E14643F2300F5D14A /* CCScheduler.h */ = {isa = PBXFileReference; fileEncoding = 4; lastKnownFileType = sourcecode.c.h; path = CCScheduler.h; sourceTree = "<group>"; };
		2B96E59F14643F2300F5D14A /* CCScheduler.m */ = {isa = PBXFileReference; fileEncoding = 4; lastKnownFileType = sourcecode.c.objc; path = CCScheduler.m; sourceTree = "<group>"; };
		2B96E5A014643F2300F5D14A /* CCSprite.h */ = {isa = PBXFileReference; fileEncoding = 4; lastKnownFileType = sourcecode.c.h; path = CCSprite.h; sourceTree = "<group>"; };
		2B96E5A114643F2300F5D14A /* CCSprite.m */ = {isa = PBXFileReference; fileEncoding = 4; lastKnownFileType = sourcecode.c.objc; path = CCSprite.m; sourceTree = "<group>"; };
		2B96E5A214643F2300F5D14A /* CCSpriteBatchNode.h */ = {isa = PBXFileReference; fileEncoding = 4; lastKnownFileType = sourcecode.c.h; path = CCSpriteBatchNode.h; sourceTree = "<group>"; };
		2B96E5A314643F2300F5D14A /* CCSpriteBatchNode.m */ = {isa = PBXFileReference; fileEncoding = 4; lastKnownFileType = sourcecode.c.objc; path = CCSpriteBatchNode.m; sourceTree = "<group>"; };
		2B96E5A414643F2300F5D14A /* CCSpriteFrame.h */ = {isa = PBXFileReference; fileEncoding = 4; lastKnownFileType = sourcecode.c.h; path = CCSpriteFrame.h; sourceTree = "<group>"; };
		2B96E5A514643F2300F5D14A /* CCSpriteFrame.m */ = {isa = PBXFileReference; fileEncoding = 4; lastKnownFileType = sourcecode.c.objc; path = CCSpriteFrame.m; sourceTree = "<group>"; };
		2B96E5A614643F2300F5D14A /* CCSpriteFrameCache.h */ = {isa = PBXFileReference; fileEncoding = 4; lastKnownFileType = sourcecode.c.h; path = CCSpriteFrameCache.h; sourceTree = "<group>"; };
		2B96E5A714643F2300F5D14A /* CCSpriteFrameCache.m */ = {isa = PBXFileReference; fileEncoding = 4; lastKnownFileType = sourcecode.c.objc; path = CCSpriteFrameCache.m; sourceTree = "<group>"; };
		2B96E5A814643F2300F5D14A /* CCTexture2D.h */ = {isa = PBXFileReference; fileEncoding = 4; lastKnownFileType = sourcecode.c.h; path = CCTexture2D.h; sourceTree = "<group>"; };
		2B96E5A914643F2400F5D14A /* CCTexture2D.m */ = {isa = PBXFileReference; fileEncoding = 4; lastKnownFileType = sourcecode.c.objc; path = CCTexture2D.m; sourceTree = "<group>"; };
		2B96E5AA14643F2400F5D14A /* CCTextureAtlas.h */ = {isa = PBXFileReference; fileEncoding = 4; lastKnownFileType = sourcecode.c.h; path = CCTextureAtlas.h; sourceTree = "<group>"; };
		2B96E5AB14643F2400F5D14A /* CCTextureAtlas.m */ = {isa = PBXFileReference; fileEncoding = 4; lastKnownFileType = sourcecode.c.objc; path = CCTextureAtlas.m; sourceTree = "<group>"; };
		2B96E5AC14643F2400F5D14A /* CCTextureCache.h */ = {isa = PBXFileReference; fileEncoding = 4; lastKnownFileType = sourcecode.c.h; path = CCTextureCache.h; sourceTree = "<group>"; };
		2B96E5AD14643F2400F5D14A /* CCTextureCache.m */ = {isa = PBXFileReference; fileEncoding = 4; lastKnownFileType = sourcecode.c.objc; path = CCTextureCache.m; sourceTree = "<group>"; };
		2B96E5AE14643F2400F5D14A /* CCTexturePVR.h */ = {isa = PBXFileReference; fileEncoding = 4; lastKnownFileType = sourcecode.c.h; path = CCTexturePVR.h; sourceTree = "<group>"; };
		2B96E5AF14643F2400F5D14A /* CCTexturePVR.m */ = {isa = PBXFileReference; fileEncoding = 4; lastKnownFileType = sourcecode.c.objc; path = CCTexturePVR.m; sourceTree = "<group>"; };
		2B96E5B014643F2400F5D14A /* CCTileMapAtlas.h */ = {isa = PBXFileReference; fileEncoding = 4; lastKnownFileType = sourcecode.c.h; path = CCTileMapAtlas.h; sourceTree = "<group>"; };
		2B96E5B114643F2400F5D14A /* CCTileMapAtlas.m */ = {isa = PBXFileReference; fileEncoding = 4; lastKnownFileType = sourcecode.c.objc; path = CCTileMapAtlas.m; sourceTree = "<group>"; };
		2B96E5B214643F2400F5D14A /* CCTMXLayer.h */ = {isa = PBXFileReference; fileEncoding = 4; lastKnownFileType = sourcecode.c.h; path = CCTMXLayer.h; sourceTree = "<group>"; };
		2B96E5B314643F2400F5D14A /* CCTMXLayer.m */ = {isa = PBXFileReference; fileEncoding = 4; lastKnownFileType = sourcecode.c.objc; path = CCTMXLayer.m; sourceTree = "<group>"; };
		2B96E5B414643F2400F5D14A /* CCTMXObjectGroup.h */ = {isa = PBXFileReference; fileEncoding = 4; lastKnownFileType = sourcecode.c.h; path = CCTMXObjectGroup.h; sourceTree = "<group>"; };
		2B96E5B514643F2400F5D14A /* CCTMXObjectGroup.m */ = {isa = PBXFileReference; fileEncoding = 4; lastKnownFileType = sourcecode.c.objc; path = CCTMXObjectGroup.m; sourceTree = "<group>"; };
		2B96E5B614643F2400F5D14A /* CCTMXTiledMap.h */ = {isa = PBXFileReference; fileEncoding = 4; lastKnownFileType = sourcecode.c.h; path = CCTMXTiledMap.h; sourceTree = "<group>"; };
		2B96E5B714643F2400F5D14A /* CCTMXTiledMap.m */ = {isa = PBXFileReference; fileEncoding = 4; lastKnownFileType = sourcecode.c.objc; path = CCTMXTiledMap.m; sourceTree = "<group>"; };
		2B96E5B814643F2400F5D14A /* CCTMXXMLParser.h */ = {isa = PBXFileReference; fileEncoding = 4; lastKnownFileType = sourcecode.c.h; path = CCTMXXMLParser.h; sourceTree = "<group>"; };
		2B96E5B914643F2400F5D14A /* CCTMXXMLParser.m */ = {isa = PBXFileReference; fileEncoding = 4; lastKnownFileType = sourcecode.c.objc; path = CCTMXXMLParser.m; sourceTree = "<group>"; };
		2B96E5BA14643F2400F5D14A /* CCTransition.h */ = {isa = PBXFileReference; fileEncoding = 4; lastKnownFileType = sourcecode.c.h; path = CCTransition.h; sourceTree = "<group>"; };
		2B96E5BB14643F2400F5D14A /* CCTransition.m */ = {isa = PBXFileReference; fileEncoding = 4; lastKnownFileType = sourcecode.c.objc; path = CCTransition.m; sourceTree = "<group>"; };
		2B96E5BC14643F2400F5D14A /* CCTransitionPageTurn.h */ = {isa = PBXFileReference; fileEncoding = 4; lastKnownFileType = sourcecode.c.h; path = CCTransitionPageTurn.h; sourceTree = "<group>"; };
		2B96E5BD14643F2400F5D14A /* CCTransitionPageTurn.m */ = {isa = PBXFileReference; fileEncoding = 4; lastKnownFileType = sourcecode.c.objc; path = CCTransitionPageTurn.m; sourceTree = "<group>"; };
		2B96E5BE14643F2400F5D14A /* CCTransitionRadial.h */ = {isa = PBXFileReference; fileEncoding = 4; lastKnownFileType = sourcecode.c.h; path = CCTransitionRadial.h; sourceTree = "<group>"; };
		2B96E5BF14643F2400F5D14A /* CCTransitionRadial.m */ = {isa = PBXFileReference; fileEncoding = 4; lastKnownFileType = sourcecode.c.objc; path = CCTransitionRadial.m; sourceTree = "<group>"; };
		2B96E5C014643F2400F5D14A /* ccTypes.h */ = {isa = PBXFileReference; fileEncoding = 4; lastKnownFileType = sourcecode.c.h; path = ccTypes.h; sourceTree = "<group>"; };
		2B96E5C114643F2400F5D14A /* cocos2d.h */ = {isa = PBXFileReference; fileEncoding = 4; lastKnownFileType = sourcecode.c.h; path = cocos2d.h; sourceTree = "<group>"; };
		2B96E5C214643F2400F5D14A /* cocos2d.m */ = {isa = PBXFileReference; fileEncoding = 4; lastKnownFileType = sourcecode.c.objc; path = cocos2d.m; sourceTree = "<group>"; };
		2B96E5C414643F2400F5D14A /* CCGL.h */ = {isa = PBXFileReference; fileEncoding = 4; lastKnownFileType = sourcecode.c.h; path = CCGL.h; sourceTree = "<group>"; };
		2B96E5C514643F2400F5D14A /* CCNS.h */ = {isa = PBXFileReference; fileEncoding = 4; lastKnownFileType = sourcecode.c.h; path = CCNS.h; sourceTree = "<group>"; };
		2B96E5C714643F2400F5D14A /* CCDirectorIOS.h */ = {isa = PBXFileReference; fileEncoding = 4; lastKnownFileType = sourcecode.c.h; path = CCDirectorIOS.h; sourceTree = "<group>"; };
		2B96E5C814643F2400F5D14A /* CCDirectorIOS.m */ = {isa = PBXFileReference; fileEncoding = 4; lastKnownFileType = sourcecode.c.objc; path = CCDirectorIOS.m; sourceTree = "<group>"; };
		2B96E5C914643F2400F5D14A /* CCTouchDelegateProtocol.h */ = {isa = PBXFileReference; fileEncoding = 4; lastKnownFileType = sourcecode.c.h; path = CCTouchDelegateProtocol.h; sourceTree = "<group>"; };
		2B96E5CA14643F2400F5D14A /* CCTouchDispatcher.h */ = {isa = PBXFileReference; fileEncoding = 4; lastKnownFileType = sourcecode.c.h; path = CCTouchDispatcher.h; sourceTree = "<group>"; };
		2B96E5CB14643F2400F5D14A /* CCTouchDispatcher.m */ = {isa = PBXFileReference; fileEncoding = 4; lastKnownFileType = sourcecode.c.objc; path = CCTouchDispatcher.m; sourceTree = "<group>"; };
		2B96E5CC14643F2400F5D14A /* CCTouchHandler.h */ = {isa = PBXFileReference; fileEncoding = 4; lastKnownFileType = sourcecode.c.h; path = CCTouchHandler.h; sourceTree = "<group>"; };
		2B96E5CD14643F2400F5D14A /* CCTouchHandler.m */ = {isa = PBXFileReference; fileEncoding = 4; lastKnownFileType = sourcecode.c.objc; path = CCTouchHandler.m; sourceTree = "<group>"; };
		2B96E5CE14643F2400F5D14A /* EAGLView.h */ = {isa = PBXFileReference; fileEncoding = 4; lastKnownFileType = sourcecode.c.h; path = EAGLView.h; sourceTree = "<group>"; };
		2B96E5CF14643F2400F5D14A /* EAGLView.m */ = {isa = PBXFileReference; fileEncoding = 4; lastKnownFileType = sourcecode.c.objc; path = EAGLView.m; sourceTree = "<group>"; };
		2B96E5D014643F2400F5D14A /* ES1Renderer.h */ = {isa = PBXFileReference; fileEncoding = 4; lastKnownFileType = sourcecode.c.h; path = ES1Renderer.h; sourceTree = "<group>"; };
		2B96E5D114643F2400F5D14A /* ES1Renderer.m */ = {isa = PBXFileReference; fileEncoding = 4; lastKnownFileType = sourcecode.c.objc; path = ES1Renderer.m; sourceTree = "<group>"; };
		2B96E5D214643F2400F5D14A /* ESRenderer.h */ = {isa = PBXFileReference; fileEncoding = 4; lastKnownFileType = sourcecode.c.h; path = ESRenderer.h; sourceTree = "<group>"; };
		2B96E5D314643F2400F5D14A /* glu.c */ = {isa = PBXFileReference; fileEncoding = 4; lastKnownFileType = sourcecode.c.c; path = glu.c; sourceTree = "<group>"; };
		2B96E5D414643F2400F5D14A /* glu.h */ = {isa = PBXFileReference; fileEncoding = 4; lastKnownFileType = sourcecode.c.h; path = glu.h; sourceTree = "<group>"; };
		2B96E5D614643F2400F5D14A /* CCDirectorMac.h */ = {isa = PBXFileReference; fileEncoding = 4; lastKnownFileType = sourcecode.c.h; path = CCDirectorMac.h; sourceTree = "<group>"; };
		2B96E5D714643F2400F5D14A /* CCDirectorMac.m */ = {isa = PBXFileReference; fileEncoding = 4; lastKnownFileType = sourcecode.c.objc; path = CCDirectorMac.m; sourceTree = "<group>"; };
		2B96E5D814643F2400F5D14A /* CCEventDispatcher.h */ = {isa = PBXFileReference; fileEncoding = 4; lastKnownFileType = sourcecode.c.h; path = CCEventDispatcher.h; sourceTree = "<group>"; };
		2B96E5D914643F2400F5D14A /* CCEventDispatcher.m */ = {isa = PBXFileReference; fileEncoding = 4; lastKnownFileType = sourcecode.c.objc; path = CCEventDispatcher.m; sourceTree = "<group>"; };
		2B96E5DA14643F2400F5D14A /* MacGLView.h */ = {isa = PBXFileReference; fileEncoding = 4; lastKnownFileType = sourcecode.c.h; path = MacGLView.h; sourceTree = "<group>"; };
		2B96E5DB14643F2400F5D14A /* MacGLView.m */ = {isa = PBXFileReference; fileEncoding = 4; lastKnownFileType = sourcecode.c.objc; path = MacGLView.m; sourceTree = "<group>"; };
		2B96E5DC14643F2400F5D14A /* MacWindow.h */ = {isa = PBXFileReference; fileEncoding = 4; lastKnownFileType = sourcecode.c.h; path = MacWindow.h; sourceTree = "<group>"; };
		2B96E5DD14643F2400F5D14A /* MacWindow.m */ = {isa = PBXFileReference; fileEncoding = 4; lastKnownFileType = sourcecode.c.objc; path = MacWindow.m; sourceTree = "<group>"; };
		2B96E5DF14643F2400F5D14A /* base64.c */ = {isa = PBXFileReference; fileEncoding = 4; lastKnownFileType = sourcecode.c.c; path = base64.c; sourceTree = "<group>"; };
		2B96E5E014643F2400F5D14A /* base64.h */ = {isa = PBXFileReference; fileEncoding = 4; lastKnownFileType = sourcecode.c.h; path = base64.h; sourceTree = "<group>"; };
		2B96E5E114643F2400F5D14A /* CCArray.h */ = {isa = PBXFileReference; fileEncoding = 4; lastKnownFileType = sourcecode.c.h; path = CCArray.h; sourceTree = "<group>"; };
		2B96E5E214643F2400F5D14A /* CCArray.m */ = {isa = PBXFileReference; fileEncoding = 4; lastKnownFileType = sourcecode.c.objc; path = CCArray.m; sourceTree = "<group>"; };
		2B96E5E314643F2400F5D14A /* ccCArray.h */ = {isa = PBXFileReference; fileEncoding = 4; lastKnownFileType = sourcecode.c.h; path = ccCArray.h; sourceTree = "<group>"; };
		2B96E5E414643F2400F5D14A /* CCFileUtils.h */ = {isa = PBXFileReference; fileEncoding = 4; lastKnownFileType = sourcecode.c.h; path = CCFileUtils.h; sourceTree = "<group>"; };
		2B96E5E514643F2400F5D14A /* CCFileUtils.m */ = {isa = PBXFileReference; fileEncoding = 4; lastKnownFileType = sourcecode.c.objc; path = CCFileUtils.m; sourceTree = "<group>"; };
		2B96E5E614643F2400F5D14A /* CCProfiling.h */ = {isa = PBXFileReference; fileEncoding = 4; lastKnownFileType = sourcecode.c.h; path = CCProfiling.h; sourceTree = "<group>"; };
		2B96E5E714643F2400F5D14A /* CCProfiling.m */ = {isa = PBXFileReference; fileEncoding = 4; lastKnownFileType = sourcecode.c.objc; path = CCProfiling.m; sourceTree = "<group>"; };
		2B96E5E814643F2400F5D14A /* ccUtils.c */ = {isa = PBXFileReference; fileEncoding = 4; lastKnownFileType = sourcecode.c.c; path = ccUtils.c; sourceTree = "<group>"; };
		2B96E5E914643F2400F5D14A /* ccUtils.h */ = {isa = PBXFileReference; fileEncoding = 4; lastKnownFileType = sourcecode.c.h; path = ccUtils.h; sourceTree = "<group>"; };
		2B96E5EA14643F2400F5D14A /* CGPointExtension.h */ = {isa = PBXFileReference; fileEncoding = 4; lastKnownFileType = sourcecode.c.h; path = CGPointExtension.h; sourceTree = "<group>"; };
		2B96E5EB14643F2400F5D14A /* CGPointExtension.m */ = {isa = PBXFileReference; fileEncoding = 4; lastKnownFileType = sourcecode.c.objc; path = CGPointExtension.m; sourceTree = "<group>"; };
		2B96E5EC14643F2400F5D14A /* OpenGL_Internal.h */ = {isa = PBXFileReference; fileEncoding = 4; lastKnownFileType = sourcecode.c.h; path = OpenGL_Internal.h; sourceTree = "<group>"; };
		2B96E5ED14643F2400F5D14A /* TGAlib.h */ = {isa = PBXFileReference; fileEncoding = 4; lastKnownFileType = sourcecode.c.h; path = TGAlib.h; sourceTree = "<group>"; };
		2B96E5EE14643F2400F5D14A /* TGAlib.m */ = {isa = PBXFileReference; fileEncoding = 4; lastKnownFileType = sourcecode.c.objc; path = TGAlib.m; sourceTree = "<group>"; };
		2B96E5EF14643F2400F5D14A /* TransformUtils.h */ = {isa = PBXFileReference; fileEncoding = 4; lastKnownFileType = sourcecode.c.h; path = TransformUtils.h; sourceTree = "<group>"; };
		2B96E5F014643F2400F5D14A /* TransformUtils.m */ = {isa = PBXFileReference; fileEncoding = 4; lastKnownFileType = sourcecode.c.objc; path = TransformUtils.m; sourceTree = "<group>"; };
		2B96E5F114643F2400F5D14A /* uthash.h */ = {isa = PBXFileReference; fileEncoding = 4; lastKnownFileType = sourcecode.c.h; path = uthash.h; sourceTree = "<group>"; };
		2B96E5F214643F2400F5D14A /* utlist.h */ = {isa = PBXFileReference; fileEncoding = 4; lastKnownFileType = sourcecode.c.h; path = utlist.h; sourceTree = "<group>"; };
		2B96E5F314643F2400F5D14A /* ZipUtils.h */ = {isa = PBXFileReference; fileEncoding = 4; lastKnownFileType = sourcecode.c.h; path = ZipUtils.h; sourceTree = "<group>"; };
		2B96E5F414643F2400F5D14A /* ZipUtils.m */ = {isa = PBXFileReference; fileEncoding = 4; lastKnownFileType = sourcecode.c.objc; path = ZipUtils.m; sourceTree = "<group>"; };
		2B96E5F614643F2400F5D14A /* CDAudioManager.h */ = {isa = PBXFileReference; fileEncoding = 4; lastKnownFileType = sourcecode.c.h; path = CDAudioManager.h; sourceTree = "<group>"; };
		2B96E5F714643F2400F5D14A /* CDAudioManager.m */ = {isa = PBXFileReference; fileEncoding = 4; lastKnownFileType = sourcecode.c.objc; path = CDAudioManager.m; sourceTree = "<group>"; };
		2B96E5F814643F2400F5D14A /* CDConfig.h */ = {isa = PBXFileReference; fileEncoding = 4; lastKnownFileType = sourcecode.c.h; path = CDConfig.h; sourceTree = "<group>"; };
		2B96E5F914643F2400F5D14A /* CDOpenALSupport.h */ = {isa = PBXFileReference; fileEncoding = 4; lastKnownFileType = sourcecode.c.h; path = CDOpenALSupport.h; sourceTree = "<group>"; };
		2B96E5FA14643F2400F5D14A /* CDOpenALSupport.m */ = {isa = PBXFileReference; fileEncoding = 4; lastKnownFileType = sourcecode.c.objc; path = CDOpenALSupport.m; sourceTree = "<group>"; };
		2B96E5FB14643F2400F5D14A /* CocosDenshion.h */ = {isa = PBXFileReference; fileEncoding = 4; lastKnownFileType = sourcecode.c.h; path = CocosDenshion.h; sourceTree = "<group>"; };
		2B96E5FC14643F2400F5D14A /* CocosDenshion.m */ = {isa = PBXFileReference; fileEncoding = 4; lastKnownFileType = sourcecode.c.objc; path = CocosDenshion.m; sourceTree = "<group>"; };
		2B96E5FD14643F2400F5D14A /* SimpleAudioEngine.h */ = {isa = PBXFileReference; fileEncoding = 4; lastKnownFileType = sourcecode.c.h; path = SimpleAudioEngine.h; sourceTree = "<group>"; };
		2B96E5FE14643F2400F5D14A /* SimpleAudioEngine.m */ = {isa = PBXFileReference; fileEncoding = 4; lastKnownFileType = sourcecode.c.objc; path = SimpleAudioEngine.m; sourceTree = "<group>"; };
		2B96E60014643F2400F5D14A /* CLScoreServerPost.h */ = {isa = PBXFileReference; fileEncoding = 4; lastKnownFileType = sourcecode.c.h; path = CLScoreServerPost.h; sourceTree = "<group>"; };
		2B96E60114643F2400F5D14A /* CLScoreServerPost.m */ = {isa = PBXFileReference; fileEncoding = 4; lastKnownFileType = sourcecode.c.objc; path = CLScoreServerPost.m; sourceTree = "<group>"; };
		2B96E60214643F2400F5D14A /* CLScoreServerRequest.h */ = {isa = PBXFileReference; fileEncoding = 4; lastKnownFileType = sourcecode.c.h; path = CLScoreServerRequest.h; sourceTree = "<group>"; };
		2B96E60314643F2400F5D14A /* CLScoreServerRequest.m */ = {isa = PBXFileReference; fileEncoding = 4; lastKnownFileType = sourcecode.c.objc; path = CLScoreServerRequest.m; sourceTree = "<group>"; };
		2B96E60414643F2400F5D14A /* cocoslive.h */ = {isa = PBXFileReference; fileEncoding = 4; lastKnownFileType = sourcecode.c.h; path = cocoslive.h; sourceTree = "<group>"; };
		2B96E60514643F2400F5D14A /* cocoslive.m */ = {isa = PBXFileReference; fileEncoding = 4; lastKnownFileType = sourcecode.c.objc; path = cocoslive.m; sourceTree = "<group>"; };
		2B96E60714643F2400F5D14A /* Analytics-README.pdf */ = {isa = PBXFileReference; lastKnownFileType = image.pdf; path = "Analytics-README.pdf"; sourceTree = "<group>"; };
		2B96E60814643F2400F5D14A /* AppCircle-README.pdf */ = {isa = PBXFileReference; lastKnownFileType = image.pdf; path = "AppCircle-README.pdf"; sourceTree = "<group>"; };
		2B96E60A14643F2400F5D14A /* FlurryAnalytics.h */ = {isa = PBXFileReference; fileEncoding = 4; lastKnownFileType = sourcecode.c.h; path = FlurryAnalytics.h; sourceTree = "<group>"; };
		2B96E60B14643F2400F5D14A /* libFlurryAnalytics.a */ = {isa = PBXFileReference; lastKnownFileType = archive.ar; path = libFlurryAnalytics.a; sourceTree = "<group>"; };
		2B96E60D14643F2400F5D14A /* FlurryAdDelegate.h */ = {isa = PBXFileReference; fileEncoding = 4; lastKnownFileType = sourcecode.c.h; path = FlurryAdDelegate.h; sourceTree = "<group>"; };
		2B96E60E14643F2400F5D14A /* FlurryAppCircle.h */ = {isa = PBXFileReference; fileEncoding = 4; lastKnownFileType = sourcecode.c.h; path = FlurryAppCircle.h; sourceTree = "<group>"; };
		2B96E60F14643F2400F5D14A /* FlurryOffer.h */ = {isa = PBXFileReference; fileEncoding = 4; lastKnownFileType = sourcecode.c.h; path = FlurryOffer.h; sourceTree = "<group>"; };
		2B96E61014643F2400F5D14A /* libFlurryAppCircle.a */ = {isa = PBXFileReference; lastKnownFileType = archive.ar; path = libFlurryAppCircle.a; sourceTree = "<group>"; };
		2B96E61114643F2400F5D14A /* iOS-2.xSDK-Upgrade-README.pdf */ = {isa = PBXFileReference; lastKnownFileType = image.pdf; path = "iOS-2.xSDK-Upgrade-README.pdf"; sourceTree = "<group>"; };
		2B96E61214643F2400F5D14A /* ProjectApiKey.txt */ = {isa = PBXFileReference; fileEncoding = 4; lastKnownFileType = text; path = ProjectApiKey.txt; sourceTree = "<group>"; };
		2B96E61314643F2400F5D14A /* RELEASE_NOTES.txt */ = {isa = PBXFileReference; fileEncoding = 4; lastKnownFileType = text; path = RELEASE_NOTES.txt; sourceTree = "<group>"; };
		2B96E61514643F2400F5D14A /* FontLabel.h */ = {isa = PBXFileReference; fileEncoding = 4; lastKnownFileType = sourcecode.c.h; path = FontLabel.h; sourceTree = "<group>"; };
		2B96E61614643F2400F5D14A /* FontLabel.m */ = {isa = PBXFileReference; fileEncoding = 4; lastKnownFileType = sourcecode.c.objc; path = FontLabel.m; sourceTree = "<group>"; };
		2B96E61714643F2400F5D14A /* FontLabelStringDrawing.h */ = {isa = PBXFileReference; fileEncoding = 4; lastKnownFileType = sourcecode.c.h; path = FontLabelStringDrawing.h; sourceTree = "<group>"; };
		2B96E61814643F2400F5D14A /* FontLabelStringDrawing.m */ = {isa = PBXFileReference; fileEncoding = 4; lastKnownFileType = sourcecode.c.objc; path = FontLabelStringDrawing.m; sourceTree = "<group>"; };
		2B96E61914643F2400F5D14A /* FontManager.h */ = {isa = PBXFileReference; fileEncoding = 4; lastKnownFileType = sourcecode.c.h; path = FontManager.h; sourceTree = "<group>"; };
		2B96E61A14643F2400F5D14A /* FontManager.m */ = {isa = PBXFileReference; fileEncoding = 4; lastKnownFileType = sourcecode.c.objc; path = FontManager.m; sourceTree = "<group>"; };
		2B96E61B14643F2400F5D14A /* ZAttributedString.h */ = {isa = PBXFileReference; fileEncoding = 4; lastKnownFileType = sourcecode.c.h; path = ZAttributedString.h; sourceTree = "<group>"; };
		2B96E61C14643F2400F5D14A /* ZAttributedString.m */ = {isa = PBXFileReference; fileEncoding = 4; lastKnownFileType = sourcecode.c.objc; path = ZAttributedString.m; sourceTree = "<group>"; };
		2B96E61D14643F2400F5D14A /* ZAttributedStringPrivate.h */ = {isa = PBXFileReference; fileEncoding = 4; lastKnownFileType = sourcecode.c.h; path = ZAttributedStringPrivate.h; sourceTree = "<group>"; };
		2B96E61E14643F2400F5D14A /* ZFont.h */ = {isa = PBXFileReference; fileEncoding = 4; lastKnownFileType = sourcecode.c.h; path = ZFont.h; sourceTree = "<group>"; };
		2B96E61F14643F2400F5D14A /* ZFont.m */ = {isa = PBXFileReference; fileEncoding = 4; lastKnownFileType = sourcecode.c.objc; path = ZFont.m; sourceTree = "<group>"; };
		2B96E62014643F2400F5D14A /* LICENSE_cocos2d.txt */ = {isa = PBXFileReference; fileEncoding = 4; lastKnownFileType = text; path = LICENSE_cocos2d.txt; sourceTree = "<group>"; };
		2B96E62114643F2400F5D14A /* LICENSE_CocosDenshion.txt */ = {isa = PBXFileReference; fileEncoding = 4; lastKnownFileType = text; path = LICENSE_CocosDenshion.txt; sourceTree = "<group>"; };
		2B96E62214643F2400F5D14A /* LICENSE_FontLabel.txt */ = {isa = PBXFileReference; fileEncoding = 4; lastKnownFileType = text; path = LICENSE_FontLabel.txt; sourceTree = "<group>"; };
		2B96E62314643F2400F5D14A /* LICENSE_TouchJSON.txt */ = {isa = PBXFileReference; fileEncoding = 4; lastKnownFileType = text; path = LICENSE_TouchJSON.txt; sourceTree = "<group>"; };
		2B96E62514643F2400F5D14A /* CDataScanner.h */ = {isa = PBXFileReference; fileEncoding = 4; lastKnownFileType = sourcecode.c.h; path = CDataScanner.h; sourceTree = "<group>"; };
		2B96E62614643F2400F5D14A /* CDataScanner.m */ = {isa = PBXFileReference; fileEncoding = 4; lastKnownFileType = sourcecode.c.objc; path = CDataScanner.m; sourceTree = "<group>"; };
		2B96E62814643F2400F5D14A /* CDataScanner_Extensions.h */ = {isa = PBXFileReference; fileEncoding = 4; lastKnownFileType = sourcecode.c.h; path = CDataScanner_Extensions.h; sourceTree = "<group>"; };
		2B96E62914643F2400F5D14A /* CDataScanner_Extensions.m */ = {isa = PBXFileReference; fileEncoding = 4; lastKnownFileType = sourcecode.c.objc; path = CDataScanner_Extensions.m; sourceTree = "<group>"; };
		2B96E62A14643F2400F5D14A /* NSDictionary_JSONExtensions.h */ = {isa = PBXFileReference; fileEncoding = 4; lastKnownFileType = sourcecode.c.h; path = NSDictionary_JSONExtensions.h; sourceTree = "<group>"; };
		2B96E62B14643F2400F5D14A /* NSDictionary_JSONExtensions.m */ = {isa = PBXFileReference; fileEncoding = 4; lastKnownFileType = sourcecode.c.objc; path = NSDictionary_JSONExtensions.m; sourceTree = "<group>"; };
		2B96E62D14643F2400F5D14A /* CJSONDeserializer.h */ = {isa = PBXFileReference; fileEncoding = 4; lastKnownFileType = sourcecode.c.h; path = CJSONDeserializer.h; sourceTree = "<group>"; };
		2B96E62E14643F2400F5D14A /* CJSONDeserializer.m */ = {isa = PBXFileReference; fileEncoding = 4; lastKnownFileType = sourcecode.c.objc; path = CJSONDeserializer.m; sourceTree = "<group>"; };
		2B96E62F14643F2400F5D14A /* CJSONScanner.h */ = {isa = PBXFileReference; fileEncoding = 4; lastKnownFileType = sourcecode.c.h; path = CJSONScanner.h; sourceTree = "<group>"; };
		2B96E63014643F2400F5D14A /* CJSONScanner.m */ = {isa = PBXFileReference; fileEncoding = 4; lastKnownFileType = sourcecode.c.objc; path = CJSONScanner.m; sourceTree = "<group>"; };
		2B96E63114643F2400F5D14A /* CJSONSerializer.h */ = {isa = PBXFileReference; fileEncoding = 4; lastKnownFileType = sourcecode.c.h; path = CJSONSerializer.h; sourceTree = "<group>"; };
		2B96E63214643F2400F5D14A /* CJSONSerializer.m */ = {isa = PBXFileReference; fileEncoding = 4; lastKnownFileType = sourcecode.c.objc; path = CJSONSerializer.m; sourceTree = "<group>"; };
		2B96E63314643F2400F5D14A /* JSONRepresentation.h */ = {isa = PBXFileReference; fileEncoding = 4; lastKnownFileType = sourcecode.c.h; path = JSONRepresentation.h; sourceTree = "<group>"; };
/* End PBXFileReference section */

/* Begin PBXFrameworksBuildPhase section */
		2B45D3AD145B7B5700960E3B /* Frameworks */ = {
			isa = PBXFrameworksBuildPhase;
			buildActionMask = 2147483647;
			files = (
				2B45D3B5145B7B5700960E3B /* QuartzCore.framework in Frameworks */,
				2B45D3B7145B7B5700960E3B /* OpenGLES.framework in Frameworks */,
				2B45D3B9145B7B5700960E3B /* OpenAL.framework in Frameworks */,
				2B45D3BB145B7B5700960E3B /* AudioToolbox.framework in Frameworks */,
				2B45D3BD145B7B5700960E3B /* AVFoundation.framework in Frameworks */,
				2B45D3BF145B7B5700960E3B /* UIKit.framework in Frameworks */,
				2B45D3C1145B7B5700960E3B /* Foundation.framework in Frameworks */,
				2B45D3C3145B7B5700960E3B /* CoreGraphics.framework in Frameworks */,
				2B96E6A714643F2400F5D14A /* libFlurryAnalytics.a in Frameworks */,
				2B96E6A814643F2400F5D14A /* libFlurryAppCircle.a in Frameworks */,
			);
			runOnlyForDeploymentPostprocessing = 0;
		};
/* End PBXFrameworksBuildPhase section */

/* Begin PBXGroup section */
		2B45D3A5145B7B5700960E3B = {
			isa = PBXGroup;
			children = (
				2B45D3C4145B7B5700960E3B /* SampleSurvey */,
				2B45D3B3145B7B5700960E3B /* Frameworks */,
				2B45D3B1145B7B5700960E3B /* Products */,
			);
			sourceTree = "<group>";
		};
		2B45D3B1145B7B5700960E3B /* Products */ = {
			isa = PBXGroup;
			children = (
				2B45D3B0145B7B5700960E3B /* SampleSurvey.app */,
			);
			name = Products;
			sourceTree = "<group>";
		};
		2B45D3B3145B7B5700960E3B /* Frameworks */ = {
			isa = PBXGroup;
			children = (
				2B45D3B4145B7B5700960E3B /* QuartzCore.framework */,
				2B45D3B6145B7B5700960E3B /* OpenGLES.framework */,
				2B45D3B8145B7B5700960E3B /* OpenAL.framework */,
				2B45D3BA145B7B5700960E3B /* AudioToolbox.framework */,
				2B45D3BC145B7B5700960E3B /* AVFoundation.framework */,
				2B45D3BE145B7B5700960E3B /* UIKit.framework */,
				2B45D3C0145B7B5700960E3B /* Foundation.framework */,
				2B45D3C2145B7B5700960E3B /* CoreGraphics.framework */,
			);
			name = Frameworks;
			sourceTree = "<group>";
		};
		2B45D3C4145B7B5700960E3B /* SampleSurvey */ = {
			isa = PBXGroup;
			children = (
				2B9323E414607108003883EE /* SurveyState.h */,
				2B9323E514607108003883EE /* SurveyState.m */,
				2B45D516145B7B5900960E3B /* AppDelegate.h */,
				2B45D517145B7B5900960E3B /* AppDelegate.m */,
				2B45D519145B7B5900960E3B /* RootViewController.h */,
				2B45D51A145B7B5900960E3B /* RootViewController.m */,
				2B45D51C145B7B5900960E3B /* HelloWorldLayer.h */,
				2B45D51D145B7B5900960E3B /* HelloWorldLayer.m */,
				2B45D51F145B7B5900960E3B /* GameConfig.h */,
				2B45D3C5145B7B5700960E3B /* Resources */,
				2B45D512145B7B5900960E3B /* Supporting Files */,
			);
			path = SampleSurvey;
			sourceTree = "<group>";
		};
		2B45D3C5145B7B5700960E3B /* Resources */ = {
			isa = PBXGroup;
			children = (
				2B96E50A14643F2300F5D14A /* libs */,
				2B9324001461E89C003883EE /* _coordinates.rtf */,
				2B9324011461E89C003883EE /* answer_button.png */,
				2B9324021461E89C003883EE /* feedback_popup.png */,
				2B9324031461E89D003883EE /* nothanks_button.png */,
				2B9324041461E89D003883EE /* opaque_background.png */,
				2B9323ED1460A346003883EE /* myXMLfile.xml */,
				2B45D52D145B7C5400960E3B /* Background */,
				2B45D3C6145B7B5700960E3B /* Default.png */,
				2B45D3C8145B7B5700960E3B /* fps_images.png */,
				2B45D3CA145B7B5700960E3B /* Icon-72.png */,
				2B45D3CC145B7B5700960E3B /* Icon-Small-50.png */,
				2B45D3CE145B7B5700960E3B /* Icon-Small.png */,
				2B45D3D0145B7B5700960E3B /* Icon-Small@2x.png */,
				2B45D3D2145B7B5700960E3B /* Icon.png */,
				2B45D3D4145B7B5700960E3B /* Icon@2x.png */,
				2B45D3D6145B7B5700960E3B /* Info.plist */,
				2B45D3D7145B7B5700960E3B /* iTunesArtwork */,
			);
			name = Resources;
			sourceTree = "<group>";
		};
		2B45D512145B7B5900960E3B /* Supporting Files */ = {
			isa = PBXGroup;
			children = (
				2B45D513145B7B5900960E3B /* Prefix.pch */,
				2B45D514145B7B5900960E3B /* main.m */,
			);
			name = "Supporting Files";
			sourceTree = "<group>";
		};
		2B45D52D145B7C5400960E3B /* Background */ = {
			isa = PBXGroup;
			children = (
				2B9323E714607434003883EE /* instructions_blank-01.png */,
				2B9323E214606B72003883EE /* button_pause.png */,
				2B45D532145B85BD00960E3B /* options_button.png */,
				2B45D52E145B7C7200960E3B /* default_background_portrait.png */,
			);
			name = Background;
			sourceTree = "<group>";
		};
		2B96E50A14643F2300F5D14A /* libs */ = {
			isa = PBXGroup;
			children = (
				2B96E54C14643F2300F5D14A /* cocos2d */,
				2B96E5F514643F2400F5D14A /* CocosDenshion */,
				2B96E5FF14643F2400F5D14A /* cocoslive */,
				2B96E60614643F2400F5D14A /* Flurry iPhone SDK v3 */,
				2B96E61414643F2400F5D14A /* FontLabel */,
				2B96E62014643F2400F5D14A /* LICENSE_cocos2d.txt */,
				2B96E62114643F2400F5D14A /* LICENSE_CocosDenshion.txt */,
				2B96E62214643F2400F5D14A /* LICENSE_FontLabel.txt */,
				2B96E62314643F2400F5D14A /* LICENSE_TouchJSON.txt */,
				2B96E62414643F2400F5D14A /* TouchJSON */,
			);
			path = libs;
			sourceTree = "<group>";
		};
		2B96E54C14643F2300F5D14A /* cocos2d */ = {
			isa = PBXGroup;
			children = (
				2B96E54D14643F2300F5D14A /* CCAction.h */,
				2B96E54E14643F2300F5D14A /* CCAction.m */,
				2B96E54F14643F2300F5D14A /* CCActionCamera.h */,
				2B96E55014643F2300F5D14A /* CCActionCamera.m */,
				2B96E55114643F2300F5D14A /* CCActionEase.h */,
				2B96E55214643F2300F5D14A /* CCActionEase.m */,
				2B96E55314643F2300F5D14A /* CCActionGrid.h */,
				2B96E55414643F2300F5D14A /* CCActionGrid.m */,
				2B96E55514643F2300F5D14A /* CCActionGrid3D.h */,
				2B96E55614643F2300F5D14A /* CCActionGrid3D.m */,
				2B96E55714643F2300F5D14A /* CCActionInstant.h */,
				2B96E55814643F2300F5D14A /* CCActionInstant.m */,
				2B96E55914643F2300F5D14A /* CCActionInterval.h */,
				2B96E55A14643F2300F5D14A /* CCActionInterval.m */,
				2B96E55B14643F2300F5D14A /* CCActionManager.h */,
				2B96E55C14643F2300F5D14A /* CCActionManager.m */,
				2B96E55D14643F2300F5D14A /* CCActionPageTurn3D.h */,
				2B96E55E14643F2300F5D14A /* CCActionPageTurn3D.m */,
				2B96E55F14643F2300F5D14A /* CCActionProgressTimer.h */,
				2B96E56014643F2300F5D14A /* CCActionProgressTimer.m */,
				2B96E56114643F2300F5D14A /* CCActionTiledGrid.h */,
				2B96E56214643F2300F5D14A /* CCActionTiledGrid.m */,
				2B96E56314643F2300F5D14A /* CCActionTween.h */,
				2B96E56414643F2300F5D14A /* CCActionTween.m */,
				2B96E56514643F2300F5D14A /* CCAnimation.h */,
				2B96E56614643F2300F5D14A /* CCAnimation.m */,
				2B96E56714643F2300F5D14A /* CCAnimationCache.h */,
				2B96E56814643F2300F5D14A /* CCAnimationCache.m */,
				2B96E56914643F2300F5D14A /* CCAtlasNode.h */,
				2B96E56A14643F2300F5D14A /* CCAtlasNode.m */,
				2B96E56B14643F2300F5D14A /* CCBlockSupport.h */,
				2B96E56C14643F2300F5D14A /* CCBlockSupport.m */,
				2B96E56D14643F2300F5D14A /* CCCamera.h */,
				2B96E56E14643F2300F5D14A /* CCCamera.m */,
				2B96E56F14643F2300F5D14A /* ccConfig.h */,
				2B96E57014643F2300F5D14A /* CCConfiguration.h */,
				2B96E57114643F2300F5D14A /* CCConfiguration.m */,
				2B96E57214643F2300F5D14A /* CCDirector.h */,
				2B96E57314643F2300F5D14A /* CCDirector.m */,
				2B96E57414643F2300F5D14A /* CCDrawingPrimitives.h */,
				2B96E57514643F2300F5D14A /* CCDrawingPrimitives.m */,
				2B96E57614643F2300F5D14A /* CCGrabber.h */,
				2B96E57714643F2300F5D14A /* CCGrabber.m */,
				2B96E57814643F2300F5D14A /* CCGrid.h */,
				2B96E57914643F2300F5D14A /* CCGrid.m */,
				2B96E57A14643F2300F5D14A /* CCLabelAtlas.h */,
				2B96E57B14643F2300F5D14A /* CCLabelAtlas.m */,
				2B96E57C14643F2300F5D14A /* CCLabelBMFont.h */,
				2B96E57D14643F2300F5D14A /* CCLabelBMFont.m */,
				2B96E57E14643F2300F5D14A /* CCLabelTTF.h */,
				2B96E57F14643F2300F5D14A /* CCLabelTTF.m */,
				2B96E58014643F2300F5D14A /* CCLayer.h */,
				2B96E58114643F2300F5D14A /* CCLayer.m */,
				2B96E58214643F2300F5D14A /* ccMacros.h */,
				2B96E58314643F2300F5D14A /* CCMenu.h */,
				2B96E58414643F2300F5D14A /* CCMenu.m */,
				2B96E58514643F2300F5D14A /* CCMenuItem.h */,
				2B96E58614643F2300F5D14A /* CCMenuItem.m */,
				2B96E58714643F2300F5D14A /* CCMotionStreak.h */,
				2B96E58814643F2300F5D14A /* CCMotionStreak.m */,
				2B96E58914643F2300F5D14A /* CCNode.h */,
				2B96E58A14643F2300F5D14A /* CCNode.m */,
				2B96E58B14643F2300F5D14A /* CCParallaxNode.h */,
				2B96E58C14643F2300F5D14A /* CCParallaxNode.m */,
				2B96E58D14643F2300F5D14A /* CCParticleExamples.h */,
				2B96E58E14643F2300F5D14A /* CCParticleExamples.m */,
				2B96E58F14643F2300F5D14A /* CCParticleSystem.h */,
				2B96E59014643F2300F5D14A /* CCParticleSystem.m */,
				2B96E59114643F2300F5D14A /* CCParticleSystemPoint.h */,
				2B96E59214643F2300F5D14A /* CCParticleSystemPoint.m */,
				2B96E59314643F2300F5D14A /* CCParticleSystemQuad.h */,
				2B96E59414643F2300F5D14A /* CCParticleSystemQuad.m */,
				2B96E59514643F2300F5D14A /* CCProgressTimer.h */,
				2B96E59614643F2300F5D14A /* CCProgressTimer.m */,
				2B96E59714643F2300F5D14A /* CCProtocols.h */,
				2B96E59814643F2300F5D14A /* CCRenderTexture.h */,
				2B96E59914643F2300F5D14A /* CCRenderTexture.m */,
				2B96E59A14643F2300F5D14A /* CCRibbon.h */,
				2B96E59B14643F2300F5D14A /* CCRibbon.m */,
				2B96E59C14643F2300F5D14A /* CCScene.h */,
				2B96E59D14643F2300F5D14A /* CCScene.m */,
				2B96E59E14643F2300F5D14A /* CCScheduler.h */,
				2B96E59F14643F2300F5D14A /* CCScheduler.m */,
				2B96E5A014643F2300F5D14A /* CCSprite.h */,
				2B96E5A114643F2300F5D14A /* CCSprite.m */,
				2B96E5A214643F2300F5D14A /* CCSpriteBatchNode.h */,
				2B96E5A314643F2300F5D14A /* CCSpriteBatchNode.m */,
				2B96E5A414643F2300F5D14A /* CCSpriteFrame.h */,
				2B96E5A514643F2300F5D14A /* CCSpriteFrame.m */,
				2B96E5A614643F2300F5D14A /* CCSpriteFrameCache.h */,
				2B96E5A714643F2300F5D14A /* CCSpriteFrameCache.m */,
				2B96E5A814643F2300F5D14A /* CCTexture2D.h */,
				2B96E5A914643F2400F5D14A /* CCTexture2D.m */,
				2B96E5AA14643F2400F5D14A /* CCTextureAtlas.h */,
				2B96E5AB14643F2400F5D14A /* CCTextureAtlas.m */,
				2B96E5AC14643F2400F5D14A /* CCTextureCache.h */,
				2B96E5AD14643F2400F5D14A /* CCTextureCache.m */,
				2B96E5AE14643F2400F5D14A /* CCTexturePVR.h */,
				2B96E5AF14643F2400F5D14A /* CCTexturePVR.m */,
				2B96E5B014643F2400F5D14A /* CCTileMapAtlas.h */,
				2B96E5B114643F2400F5D14A /* CCTileMapAtlas.m */,
				2B96E5B214643F2400F5D14A /* CCTMXLayer.h */,
				2B96E5B314643F2400F5D14A /* CCTMXLayer.m */,
				2B96E5B414643F2400F5D14A /* CCTMXObjectGroup.h */,
				2B96E5B514643F2400F5D14A /* CCTMXObjectGroup.m */,
				2B96E5B614643F2400F5D14A /* CCTMXTiledMap.h */,
				2B96E5B714643F2400F5D14A /* CCTMXTiledMap.m */,
				2B96E5B814643F2400F5D14A /* CCTMXXMLParser.h */,
				2B96E5B914643F2400F5D14A /* CCTMXXMLParser.m */,
				2B96E5BA14643F2400F5D14A /* CCTransition.h */,
				2B96E5BB14643F2400F5D14A /* CCTransition.m */,
				2B96E5BC14643F2400F5D14A /* CCTransitionPageTurn.h */,
				2B96E5BD14643F2400F5D14A /* CCTransitionPageTurn.m */,
				2B96E5BE14643F2400F5D14A /* CCTransitionRadial.h */,
				2B96E5BF14643F2400F5D14A /* CCTransitionRadial.m */,
				2B96E5C014643F2400F5D14A /* ccTypes.h */,
				2B96E5C114643F2400F5D14A /* cocos2d.h */,
				2B96E5C214643F2400F5D14A /* cocos2d.m */,
				2B96E5C314643F2400F5D14A /* Platforms */,
				2B96E5DE14643F2400F5D14A /* Support */,
			);
			path = cocos2d;
			sourceTree = "<group>";
		};
		2B96E5C314643F2400F5D14A /* Platforms */ = {
			isa = PBXGroup;
			children = (
				2B96E5C414643F2400F5D14A /* CCGL.h */,
				2B96E5C514643F2400F5D14A /* CCNS.h */,
				2B96E5C614643F2400F5D14A /* iOS */,
				2B96E5D514643F2400F5D14A /* Mac */,
			);
			path = Platforms;
			sourceTree = "<group>";
		};
		2B96E5C614643F2400F5D14A /* iOS */ = {
			isa = PBXGroup;
			children = (
				2B96E5C714643F2400F5D14A /* CCDirectorIOS.h */,
				2B96E5C814643F2400F5D14A /* CCDirectorIOS.m */,
				2B96E5C914643F2400F5D14A /* CCTouchDelegateProtocol.h */,
				2B96E5CA14643F2400F5D14A /* CCTouchDispatcher.h */,
				2B96E5CB14643F2400F5D14A /* CCTouchDispatcher.m */,
				2B96E5CC14643F2400F5D14A /* CCTouchHandler.h */,
				2B96E5CD14643F2400F5D14A /* CCTouchHandler.m */,
				2B96E5CE14643F2400F5D14A /* EAGLView.h */,
				2B96E5CF14643F2400F5D14A /* EAGLView.m */,
				2B96E5D014643F2400F5D14A /* ES1Renderer.h */,
				2B96E5D114643F2400F5D14A /* ES1Renderer.m */,
				2B96E5D214643F2400F5D14A /* ESRenderer.h */,
				2B96E5D314643F2400F5D14A /* glu.c */,
				2B96E5D414643F2400F5D14A /* glu.h */,
			);
			path = iOS;
			sourceTree = "<group>";
		};
		2B96E5D514643F2400F5D14A /* Mac */ = {
			isa = PBXGroup;
			children = (
				2B96E5D614643F2400F5D14A /* CCDirectorMac.h */,
				2B96E5D714643F2400F5D14A /* CCDirectorMac.m */,
				2B96E5D814643F2400F5D14A /* CCEventDispatcher.h */,
				2B96E5D914643F2400F5D14A /* CCEventDispatcher.m */,
				2B96E5DA14643F2400F5D14A /* MacGLView.h */,
				2B96E5DB14643F2400F5D14A /* MacGLView.m */,
				2B96E5DC14643F2400F5D14A /* MacWindow.h */,
				2B96E5DD14643F2400F5D14A /* MacWindow.m */,
			);
			path = Mac;
			sourceTree = "<group>";
		};
		2B96E5DE14643F2400F5D14A /* Support */ = {
			isa = PBXGroup;
			children = (
				2B96E5DF14643F2400F5D14A /* base64.c */,
				2B96E5E014643F2400F5D14A /* base64.h */,
				2B96E5E114643F2400F5D14A /* CCArray.h */,
				2B96E5E214643F2400F5D14A /* CCArray.m */,
				2B96E5E314643F2400F5D14A /* ccCArray.h */,
				2B96E5E414643F2400F5D14A /* CCFileUtils.h */,
				2B96E5E514643F2400F5D14A /* CCFileUtils.m */,
				2B96E5E614643F2400F5D14A /* CCProfiling.h */,
				2B96E5E714643F2400F5D14A /* CCProfiling.m */,
				2B96E5E814643F2400F5D14A /* ccUtils.c */,
				2B96E5E914643F2400F5D14A /* ccUtils.h */,
				2B96E5EA14643F2400F5D14A /* CGPointExtension.h */,
				2B96E5EB14643F2400F5D14A /* CGPointExtension.m */,
				2B96E5EC14643F2400F5D14A /* OpenGL_Internal.h */,
				2B96E5ED14643F2400F5D14A /* TGAlib.h */,
				2B96E5EE14643F2400F5D14A /* TGAlib.m */,
				2B96E5EF14643F2400F5D14A /* TransformUtils.h */,
				2B96E5F014643F2400F5D14A /* TransformUtils.m */,
				2B96E5F114643F2400F5D14A /* uthash.h */,
				2B96E5F214643F2400F5D14A /* utlist.h */,
				2B96E5F314643F2400F5D14A /* ZipUtils.h */,
				2B96E5F414643F2400F5D14A /* ZipUtils.m */,
			);
			path = Support;
			sourceTree = "<group>";
		};
		2B96E5F514643F2400F5D14A /* CocosDenshion */ = {
			isa = PBXGroup;
			children = (
				2B96E5F614643F2400F5D14A /* CDAudioManager.h */,
				2B96E5F714643F2400F5D14A /* CDAudioManager.m */,
				2B96E5F814643F2400F5D14A /* CDConfig.h */,
				2B96E5F914643F2400F5D14A /* CDOpenALSupport.h */,
				2B96E5FA14643F2400F5D14A /* CDOpenALSupport.m */,
				2B96E5FB14643F2400F5D14A /* CocosDenshion.h */,
				2B96E5FC14643F2400F5D14A /* CocosDenshion.m */,
				2B96E5FD14643F2400F5D14A /* SimpleAudioEngine.h */,
				2B96E5FE14643F2400F5D14A /* SimpleAudioEngine.m */,
			);
			path = CocosDenshion;
			sourceTree = "<group>";
		};
		2B96E5FF14643F2400F5D14A /* cocoslive */ = {
			isa = PBXGroup;
			children = (
				2B96E60014643F2400F5D14A /* CLScoreServerPost.h */,
				2B96E60114643F2400F5D14A /* CLScoreServerPost.m */,
				2B96E60214643F2400F5D14A /* CLScoreServerRequest.h */,
				2B96E60314643F2400F5D14A /* CLScoreServerRequest.m */,
				2B96E60414643F2400F5D14A /* cocoslive.h */,
				2B96E60514643F2400F5D14A /* cocoslive.m */,
			);
			path = cocoslive;
			sourceTree = "<group>";
		};
		2B96E60614643F2400F5D14A /* Flurry iPhone SDK v3 */ = {
			isa = PBXGroup;
			children = (
				2B96E60714643F2400F5D14A /* Analytics-README.pdf */,
				2B96E60814643F2400F5D14A /* AppCircle-README.pdf */,
				2B96E60914643F2400F5D14A /* FlurryAnalytics */,
				2B96E60C14643F2400F5D14A /* FlurryAppCircle */,
				2B96E61114643F2400F5D14A /* iOS-2.xSDK-Upgrade-README.pdf */,
				2B96E61214643F2400F5D14A /* ProjectApiKey.txt */,
				2B96E61314643F2400F5D14A /* RELEASE_NOTES.txt */,
			);
			path = "Flurry iPhone SDK v3";
			sourceTree = "<group>";
		};
		2B96E60914643F2400F5D14A /* FlurryAnalytics */ = {
			isa = PBXGroup;
			children = (
				2B96E60A14643F2400F5D14A /* FlurryAnalytics.h */,
				2B96E60B14643F2400F5D14A /* libFlurryAnalytics.a */,
			);
			path = FlurryAnalytics;
			sourceTree = "<group>";
		};
		2B96E60C14643F2400F5D14A /* FlurryAppCircle */ = {
			isa = PBXGroup;
			children = (
				2B96E60D14643F2400F5D14A /* FlurryAdDelegate.h */,
				2B96E60E14643F2400F5D14A /* FlurryAppCircle.h */,
				2B96E60F14643F2400F5D14A /* FlurryOffer.h */,
				2B96E61014643F2400F5D14A /* libFlurryAppCircle.a */,
			);
			path = FlurryAppCircle;
			sourceTree = "<group>";
		};
		2B96E61414643F2400F5D14A /* FontLabel */ = {
			isa = PBXGroup;
			children = (
				2B96E61514643F2400F5D14A /* FontLabel.h */,
				2B96E61614643F2400F5D14A /* FontLabel.m */,
				2B96E61714643F2400F5D14A /* FontLabelStringDrawing.h */,
				2B96E61814643F2400F5D14A /* FontLabelStringDrawing.m */,
				2B96E61914643F2400F5D14A /* FontManager.h */,
				2B96E61A14643F2400F5D14A /* FontManager.m */,
				2B96E61B14643F2400F5D14A /* ZAttributedString.h */,
				2B96E61C14643F2400F5D14A /* ZAttributedString.m */,
				2B96E61D14643F2400F5D14A /* ZAttributedStringPrivate.h */,
				2B96E61E14643F2400F5D14A /* ZFont.h */,
				2B96E61F14643F2400F5D14A /* ZFont.m */,
			);
			path = FontLabel;
			sourceTree = "<group>";
		};
		2B96E62414643F2400F5D14A /* TouchJSON */ = {
			isa = PBXGroup;
			children = (
				2B96E62514643F2400F5D14A /* CDataScanner.h */,
				2B96E62614643F2400F5D14A /* CDataScanner.m */,
				2B96E62714643F2400F5D14A /* Extensions */,
				2B96E62C14643F2400F5D14A /* JSON */,
			);
			path = TouchJSON;
			sourceTree = "<group>";
		};
		2B96E62714643F2400F5D14A /* Extensions */ = {
			isa = PBXGroup;
			children = (
				2B96E62814643F2400F5D14A /* CDataScanner_Extensions.h */,
				2B96E62914643F2400F5D14A /* CDataScanner_Extensions.m */,
				2B96E62A14643F2400F5D14A /* NSDictionary_JSONExtensions.h */,
				2B96E62B14643F2400F5D14A /* NSDictionary_JSONExtensions.m */,
			);
			path = Extensions;
			sourceTree = "<group>";
		};
		2B96E62C14643F2400F5D14A /* JSON */ = {
			isa = PBXGroup;
			children = (
				2B96E62D14643F2400F5D14A /* CJSONDeserializer.h */,
				2B96E62E14643F2400F5D14A /* CJSONDeserializer.m */,
				2B96E62F14643F2400F5D14A /* CJSONScanner.h */,
				2B96E63014643F2400F5D14A /* CJSONScanner.m */,
				2B96E63114643F2400F5D14A /* CJSONSerializer.h */,
				2B96E63214643F2400F5D14A /* CJSONSerializer.m */,
				2B96E63314643F2400F5D14A /* JSONRepresentation.h */,
			);
			path = JSON;
			sourceTree = "<group>";
		};
/* End PBXGroup section */

/* Begin PBXNativeTarget section */
		2B45D3AF145B7B5700960E3B /* SampleSurvey */ = {
			isa = PBXNativeTarget;
			buildConfigurationList = 2B45D522145B7B5900960E3B /* Build configuration list for PBXNativeTarget "SampleSurvey" */;
			buildPhases = (
				2B45D3AC145B7B5700960E3B /* Sources */,
				2B45D3AD145B7B5700960E3B /* Frameworks */,
				2B45D3AE145B7B5700960E3B /* Resources */,
			);
			buildRules = (
			);
			dependencies = (
			);
			name = SampleSurvey;
			productName = SampleSurvey;
			productReference = 2B45D3B0145B7B5700960E3B /* SampleSurvey.app */;
			productType = "com.apple.product-type.application";
		};
/* End PBXNativeTarget section */

/* Begin PBXProject section */
		2B45D3A7145B7B5700960E3B /* Project object */ = {
			isa = PBXProject;
			attributes = {
				LastUpgradeCheck = 0420;
				ORGANIZATIONNAME = "University of Saskatchewan";
			};
			buildConfigurationList = 2B45D3AA145B7B5700960E3B /* Build configuration list for PBXProject "SampleSurvey" */;
			compatibilityVersion = "Xcode 3.2";
			developmentRegion = English;
			hasScannedForEncodings = 0;
			knownRegions = (
				en,
			);
			mainGroup = 2B45D3A5145B7B5700960E3B;
			productRefGroup = 2B45D3B1145B7B5700960E3B /* Products */;
			projectDirPath = "";
			projectRoot = "";
			targets = (
				2B45D3AF145B7B5700960E3B /* SampleSurvey */,
			);
		};
/* End PBXProject section */

/* Begin PBXResourcesBuildPhase section */
		2B45D3AE145B7B5700960E3B /* Resources */ = {
			isa = PBXResourcesBuildPhase;
			buildActionMask = 2147483647;
			files = (
				2B45D3C7145B7B5700960E3B /* Default.png in Resources */,
				2B45D3C9145B7B5700960E3B /* fps_images.png in Resources */,
				2B45D3CB145B7B5700960E3B /* Icon-72.png in Resources */,
				2B45D3CD145B7B5700960E3B /* Icon-Small-50.png in Resources */,
				2B45D3CF145B7B5700960E3B /* Icon-Small.png in Resources */,
				2B45D3D1145B7B5700960E3B /* Icon-Small@2x.png in Resources */,
				2B45D3D3145B7B5700960E3B /* Icon.png in Resources */,
				2B45D3D5145B7B5700960E3B /* Icon@2x.png in Resources */,
				2B45D3D8145B7B5700960E3B /* iTunesArtwork in Resources */,
				2B45D52F145B7C7200960E3B /* default_background_portrait.png in Resources */,
				2B45D533145B85BE00960E3B /* options_button.png in Resources */,
				2B9323E314606B72003883EE /* button_pause.png in Resources */,
				2B9323E814607434003883EE /* instructions_blank-01.png in Resources */,
				2B9323EE1460A346003883EE /* myXMLfile.xml in Resources */,
				2B9324051461E89D003883EE /* _coordinates.rtf in Resources */,
				2B9324061461E89D003883EE /* answer_button.png in Resources */,
				2B9324071461E89D003883EE /* feedback_popup.png in Resources */,
				2B9324081461E89D003883EE /* nothanks_button.png in Resources */,
				2B9324091461E89D003883EE /* opaque_background.png in Resources */,
				2B96E6A514643F2400F5D14A /* Analytics-README.pdf in Resources */,
				2B96E6A614643F2400F5D14A /* AppCircle-README.pdf in Resources */,
				2B96E6A914643F2400F5D14A /* iOS-2.xSDK-Upgrade-README.pdf in Resources */,
				2B96E6AA14643F2400F5D14A /* ProjectApiKey.txt in Resources */,
				2B96E6AB14643F2400F5D14A /* RELEASE_NOTES.txt in Resources */,
				2B96E6B114643F2400F5D14A /* LICENSE_cocos2d.txt in Resources */,
				2B96E6B214643F2400F5D14A /* LICENSE_CocosDenshion.txt in Resources */,
				2B96E6B314643F2400F5D14A /* LICENSE_FontLabel.txt in Resources */,
				2B96E6B414643F2400F5D14A /* LICENSE_TouchJSON.txt in Resources */,
			);
			runOnlyForDeploymentPostprocessing = 0;
		};
/* End PBXResourcesBuildPhase section */

/* Begin PBXSourcesBuildPhase section */
		2B45D3AC145B7B5700960E3B /* Sources */ = {
			isa = PBXSourcesBuildPhase;
			buildActionMask = 2147483647;
			files = (
				2B45D515145B7B5900960E3B /* main.m in Sources */,
				2B45D518145B7B5900960E3B /* AppDelegate.m in Sources */,
				2B45D51B145B7B5900960E3B /* RootViewController.m in Sources */,
				2B45D51E145B7B5900960E3B /* HelloWorldLayer.m in Sources */,
				2B9323E614607108003883EE /* SurveyState.m in Sources */,
				2B96E65214643F2400F5D14A /* CCAction.m in Sources */,
				2B96E65314643F2400F5D14A /* CCActionCamera.m in Sources */,
				2B96E65414643F2400F5D14A /* CCActionEase.m in Sources */,
				2B96E65514643F2400F5D14A /* CCActionGrid.m in Sources */,
				2B96E65614643F2400F5D14A /* CCActionGrid3D.m in Sources */,
				2B96E65714643F2400F5D14A /* CCActionInstant.m in Sources */,
				2B96E65814643F2400F5D14A /* CCActionInterval.m in Sources */,
				2B96E65914643F2400F5D14A /* CCActionManager.m in Sources */,
				2B96E65A14643F2400F5D14A /* CCActionPageTurn3D.m in Sources */,
				2B96E65B14643F2400F5D14A /* CCActionProgressTimer.m in Sources */,
				2B96E65C14643F2400F5D14A /* CCActionTiledGrid.m in Sources */,
				2B96E65D14643F2400F5D14A /* CCActionTween.m in Sources */,
				2B96E65E14643F2400F5D14A /* CCAnimation.m in Sources */,
				2B96E65F14643F2400F5D14A /* CCAnimationCache.m in Sources */,
				2B96E66014643F2400F5D14A /* CCAtlasNode.m in Sources */,
				2B96E66114643F2400F5D14A /* CCBlockSupport.m in Sources */,
				2B96E66214643F2400F5D14A /* CCCamera.m in Sources */,
				2B96E66314643F2400F5D14A /* CCConfiguration.m in Sources */,
				2B96E66414643F2400F5D14A /* CCDirector.m in Sources */,
				2B96E66514643F2400F5D14A /* CCDrawingPrimitives.m in Sources */,
				2B96E66614643F2400F5D14A /* CCGrabber.m in Sources */,
				2B96E66714643F2400F5D14A /* CCGrid.m in Sources */,
				2B96E66814643F2400F5D14A /* CCLabelAtlas.m in Sources */,
				2B96E66914643F2400F5D14A /* CCLabelBMFont.m in Sources */,
				2B96E66A14643F2400F5D14A /* CCLabelTTF.m in Sources */,
				2B96E66B14643F2400F5D14A /* CCLayer.m in Sources */,
				2B96E66C14643F2400F5D14A /* CCMenu.m in Sources */,
				2B96E66D14643F2400F5D14A /* CCMenuItem.m in Sources */,
				2B96E66E14643F2400F5D14A /* CCMotionStreak.m in Sources */,
				2B96E66F14643F2400F5D14A /* CCNode.m in Sources */,
				2B96E67014643F2400F5D14A /* CCParallaxNode.m in Sources */,
				2B96E67114643F2400F5D14A /* CCParticleExamples.m in Sources */,
				2B96E67214643F2400F5D14A /* CCParticleSystem.m in Sources */,
				2B96E67314643F2400F5D14A /* CCParticleSystemPoint.m in Sources */,
				2B96E67414643F2400F5D14A /* CCParticleSystemQuad.m in Sources */,
				2B96E67514643F2400F5D14A /* CCProgressTimer.m in Sources */,
				2B96E67614643F2400F5D14A /* CCRenderTexture.m in Sources */,
				2B96E67714643F2400F5D14A /* CCRibbon.m in Sources */,
				2B96E67814643F2400F5D14A /* CCScene.m in Sources */,
				2B96E67914643F2400F5D14A /* CCScheduler.m in Sources */,
				2B96E67A14643F2400F5D14A /* CCSprite.m in Sources */,
				2B96E67B14643F2400F5D14A /* CCSpriteBatchNode.m in Sources */,
				2B96E67C14643F2400F5D14A /* CCSpriteFrame.m in Sources */,
				2B96E67D14643F2400F5D14A /* CCSpriteFrameCache.m in Sources */,
				2B96E67E14643F2400F5D14A /* CCTexture2D.m in Sources */,
				2B96E67F14643F2400F5D14A /* CCTextureAtlas.m in Sources */,
				2B96E68014643F2400F5D14A /* CCTextureCache.m in Sources */,
				2B96E68114643F2400F5D14A /* CCTexturePVR.m in Sources */,
				2B96E68214643F2400F5D14A /* CCTileMapAtlas.m in Sources */,
				2B96E68314643F2400F5D14A /* CCTMXLayer.m in Sources */,
				2B96E68414643F2400F5D14A /* CCTMXObjectGroup.m in Sources */,
				2B96E68514643F2400F5D14A /* CCTMXTiledMap.m in Sources */,
				2B96E68614643F2400F5D14A /* CCTMXXMLParser.m in Sources */,
				2B96E68714643F2400F5D14A /* CCTransition.m in Sources */,
				2B96E68814643F2400F5D14A /* CCTransitionPageTurn.m in Sources */,
				2B96E68914643F2400F5D14A /* CCTransitionRadial.m in Sources */,
				2B96E68A14643F2400F5D14A /* cocos2d.m in Sources */,
				2B96E68B14643F2400F5D14A /* CCDirectorIOS.m in Sources */,
				2B96E68C14643F2400F5D14A /* CCTouchDispatcher.m in Sources */,
				2B96E68D14643F2400F5D14A /* CCTouchHandler.m in Sources */,
				2B96E68E14643F2400F5D14A /* EAGLView.m in Sources */,
				2B96E68F14643F2400F5D14A /* ES1Renderer.m in Sources */,
				2B96E69014643F2400F5D14A /* glu.c in Sources */,
				2B96E69114643F2400F5D14A /* CCDirectorMac.m in Sources */,
				2B96E69214643F2400F5D14A /* CCEventDispatcher.m in Sources */,
				2B96E69314643F2400F5D14A /* MacGLView.m in Sources */,
				2B96E69414643F2400F5D14A /* MacWindow.m in Sources */,
				2B96E69514643F2400F5D14A /* base64.c in Sources */,
				2B96E69614643F2400F5D14A /* CCArray.m in Sources */,
				2B96E69714643F2400F5D14A /* CCFileUtils.m in Sources */,
				2B96E69814643F2400F5D14A /* CCProfiling.m in Sources */,
				2B96E69914643F2400F5D14A /* ccUtils.c in Sources */,
				2B96E69A14643F2400F5D14A /* CGPointExtension.m in Sources */,
				2B96E69B14643F2400F5D14A /* TGAlib.m in Sources */,
				2B96E69C14643F2400F5D14A /* TransformUtils.m in Sources */,
				2B96E69D14643F2400F5D14A /* ZipUtils.m in Sources */,
				2B96E69E14643F2400F5D14A /* CDAudioManager.m in Sources */,
				2B96E69F14643F2400F5D14A /* CDOpenALSupport.m in Sources */,
				2B96E6A014643F2400F5D14A /* CocosDenshion.m in Sources */,
				2B96E6A114643F2400F5D14A /* SimpleAudioEngine.m in Sources */,
				2B96E6A214643F2400F5D14A /* CLScoreServerPost.m in Sources */,
				2B96E6A314643F2400F5D14A /* CLScoreServerRequest.m in Sources */,
				2B96E6A414643F2400F5D14A /* cocoslive.m in Sources */,
				2B96E6AC14643F2400F5D14A /* FontLabel.m in Sources */,
				2B96E6AD14643F2400F5D14A /* FontLabelStringDrawing.m in Sources */,
				2B96E6AE14643F2400F5D14A /* FontManager.m in Sources */,
				2B96E6AF14643F2400F5D14A /* ZAttributedString.m in Sources */,
				2B96E6B014643F2400F5D14A /* ZFont.m in Sources */,
				2B96E6B514643F2400F5D14A /* CDataScanner.m in Sources */,
				2B96E6B614643F2400F5D14A /* CDataScanner_Extensions.m in Sources */,
				2B96E6B714643F2400F5D14A /* NSDictionary_JSONExtensions.m in Sources */,
				2B96E6B814643F2400F5D14A /* CJSONDeserializer.m in Sources */,
				2B96E6B914643F2400F5D14A /* CJSONScanner.m in Sources */,
				2B96E6BA14643F2400F5D14A /* CJSONSerializer.m in Sources */,
			);
			runOnlyForDeploymentPostprocessing = 0;
		};
/* End PBXSourcesBuildPhase section */

/* Begin XCBuildConfiguration section */
		2B45D520145B7B5900960E3B /* Debug */ = {
			isa = XCBuildConfiguration;
			buildSettings = {
				ARCHS = "$(ARCHS_STANDARD_32_BIT)";
				"CODE_SIGN_IDENTITY[sdk=iphoneos*]" = "iPhone Developer";
				GCC_C_LANGUAGE_STANDARD = gnu99;
				GCC_OPTIMIZATION_LEVEL = 0;
				GCC_PREPROCESSOR_DEFINITIONS = (
					DEBUG,
					"COCOS2D_DEBUG=1",
				);
				GCC_SYMBOLS_PRIVATE_EXTERN = NO;
				GCC_VERSION = com.apple.compilers.llvmgcc42;
				GCC_WARN_ABOUT_RETURN_TYPE = YES;
				GCC_WARN_UNUSED_VARIABLE = YES;
				IPHONEOS_DEPLOYMENT_TARGET = 5.0;
				SDKROOT = iphoneos;
			};
			name = Debug;
		};
		2B45D521145B7B5900960E3B /* Release */ = {
			isa = XCBuildConfiguration;
			buildSettings = {
				ARCHS = "$(ARCHS_STANDARD_32_BIT)";
				"CODE_SIGN_IDENTITY[sdk=iphoneos*]" = "iPhone Developer";
				GCC_C_LANGUAGE_STANDARD = gnu99;
				GCC_PREPROCESSOR_DEFINITIONS = NDEBUG;
				GCC_VERSION = com.apple.compilers.llvmgcc42;
				GCC_WARN_ABOUT_RETURN_TYPE = YES;
				GCC_WARN_UNUSED_VARIABLE = YES;
				IPHONEOS_DEPLOYMENT_TARGET = 5.0;
				OTHER_CFLAGS = "-DNS_BLOCK_ASSERTIONS=1";
				SDKROOT = iphoneos;
			};
			name = Release;
		};
		2B45D523145B7B5900960E3B /* Debug */ = {
			isa = XCBuildConfiguration;
			buildSettings = {
				ALWAYS_SEARCH_USER_PATHS = NO;
				COPY_PHASE_STRIP = NO;
				GCC_DYNAMIC_NO_PIC = NO;
				GCC_PRECOMPILE_PREFIX_HEADER = YES;
				GCC_PREFIX_HEADER = SampleSurvey/Prefix.pch;
				"GCC_THUMB_SUPPORT[arch=armv6]" = "";
				INFOPLIST_FILE = SampleSurvey/Resources/Info.plist;
				LIBRARY_SEARCH_PATHS = (
					"$(inherited)",
					"\"$(SRCROOT)/SampleSurvey/libs/Flurry iPhone SDK v3/FlurryAnalytics\"",
					"\"$(SRCROOT)/SampleSurvey/libs/Flurry iPhone SDK v3/FlurryAppCircle\"",
				);
				OTHER_LDFLAGS = "-lz";
				PRODUCT_NAME = "$(TARGET_NAME)";
				WRAPPER_EXTENSION = app;
			};
			name = Debug;
		};
		2B45D524145B7B5900960E3B /* Release */ = {
			isa = XCBuildConfiguration;
			buildSettings = {
				ALWAYS_SEARCH_USER_PATHS = NO;
				COPY_PHASE_STRIP = YES;
				GCC_PRECOMPILE_PREFIX_HEADER = YES;
				GCC_PREFIX_HEADER = SampleSurvey/Prefix.pch;
				"GCC_THUMB_SUPPORT[arch=armv6]" = "";
				INFOPLIST_FILE = SampleSurvey/Resources/Info.plist;
				LIBRARY_SEARCH_PATHS = (
					"$(inherited)",
					"\"$(SRCROOT)/SampleSurvey/libs/Flurry iPhone SDK v3/FlurryAnalytics\"",
					"\"$(SRCROOT)/SampleSurvey/libs/Flurry iPhone SDK v3/FlurryAppCircle\"",
				);
				OTHER_LDFLAGS = "-lz";
				PRODUCT_NAME = "$(TARGET_NAME)";
				VALIDATE_PRODUCT = YES;
				WRAPPER_EXTENSION = app;
			};
			name = Release;
		};
/* End XCBuildConfiguration section */

/* Begin XCConfigurationList section */
		2B45D3AA145B7B5700960E3B /* Build configuration list for PBXProject "SampleSurvey" */ = {
			isa = XCConfigurationList;
			buildConfigurations = (
				2B45D520145B7B5900960E3B /* Debug */,
				2B45D521145B7B5900960E3B /* Release */,
			);
			defaultConfigurationIsVisible = 0;
			defaultConfigurationName = Release;
		};
		2B45D522145B7B5900960E3B /* Build configuration list for PBXNativeTarget "SampleSurvey" */ = {
			isa = XCConfigurationList;
			buildConfigurations = (
				2B45D523145B7B5900960E3B /* Debug */,
				2B45D524145B7B5900960E3B /* Release */,
			);
			defaultConfigurationIsVisible = 0;
			defaultConfigurationName = Release;
		};
/* End XCConfigurationList section */
	};
	rootObject = 2B45D3A7145B7B5700960E3B /* Project object */;
}
